PODS:
  - AnimatedTextInput (0.3.3)
  - Bolts (1.8.4):
    - Bolts/AppLinks (= 1.8.4)
    - Bolts/Tasks (= 1.8.4)
  - Bolts/AppLinks (1.8.4):
    - Bolts/Tasks
  - Bolts/Tasks (1.8.4)
  - Crashlytics (3.8.3):
    - Fabric (~> 1.6.3)
  - Fabric (1.6.10)
  - FBSDKCoreKit (4.16.0):
    - Bolts (~> 1.7)
  - FBSDKLoginKit (4.16.1):
    - FBSDKCoreKit
  - Firebase (3.7.1):
    - Firebase/Core (= 3.7.1)
  - Firebase/Auth (3.7.1):
    - Firebase/Core
    - FirebaseAuth (= 3.0.5)
  - Firebase/Core (3.7.1):
    - FirebaseAnalytics (= 3.4.4)
    - FirebaseCore (= 3.4.3)
  - Firebase/Database (3.7.1):
    - Firebase/Core
    - FirebaseDatabase (= 3.0.3)
  - Firebase/Messaging (3.7.1):
    - Firebase/Core
    - FirebaseMessaging (= 1.2.0)
  - Firebase/Storage (3.7.1):
    - Firebase/Core
    - FirebaseStorage (= 1.0.3)
  - FirebaseAnalytics (3.4.4):
    - FirebaseCore (~> 3.4)
    - FirebaseInstanceID (~> 1.0)
    - GoogleInterchangeUtilities (~> 1.2)
    - GoogleSymbolUtilities (~> 1.1)
  - FirebaseAuth (3.0.5):
    - FirebaseAnalytics (~> 3.3)
    - GoogleNetworkingUtilities (~> 1.2)
    - GoogleUtilities (~> 1.2)
  - FirebaseCore (3.4.3):
    - GoogleInterchangeUtilities (~> 1.2)
    - GoogleUtilities (~> 1.2)
  - FirebaseDatabase (3.0.3):
    - FirebaseAnalytics (~> 3.3)
  - FirebaseInstanceID (1.0.8)
  - FirebaseMessaging (1.2.0):
    - FirebaseAnalytics (~> 3.3)
    - FirebaseInstanceID (~> 1.0)
    - GoogleInterchangeUtilities (~> 1.2)
    - GoogleIPhoneUtilities (~> 1.2)
    - GoogleSymbolUtilities (~> 1.1)
  - FirebaseStorage (1.0.3):
    - FirebaseAnalytics (~> 3.3)
    - GoogleNetworkingUtilities (~> 1.2)
  - GoogleAppUtilities (1.1.2):
    - GoogleSymbolUtilities (~> 1.1)
  - GoogleAuthUtilities (2.0.2):
    - GoogleNetworkingUtilities (~> 1.2)
    - GoogleSymbolUtilities (~> 1.1)
  - GoogleInterchangeUtilities (1.2.2):
    - GoogleSymbolUtilities (~> 1.1)
  - GoogleIPhoneUtilities (1.2.1):
    - GoogleSymbolUtilities (~> 1.0)
    - GoogleUtilities (~> 1.0)
  - GoogleNetworkingUtilities (1.2.2):
    - GoogleSymbolUtilities (~> 1.1)
  - GoogleSignIn (4.0.0):
    - GoogleAppUtilities (~> 1.1)
    - GoogleAuthUtilities (~> 2.0)
    - GoogleNetworkingUtilities (~> 1.2)
    - GoogleUtilities (~> 1.3)
  - GoogleSymbolUtilities (1.1.2)
  - GoogleUtilities (1.3.2):
    - GoogleSymbolUtilities (~> 1.1)
  - KRProgressHUD (1.7.0)
  - KYDrawerController (1.1.3)
  - SCLAlertView (0.6.0)
  - SkyFloatingLabelTextField (1.2.1)
  - SwiftCountryPicker (1.0.0)
  - XLPagerTabStrip (5.1.0)
  - XMExpandableTableView (0.1.0)

DEPENDENCIES:
  - AnimatedTextInput (~> 0.3.0)
  - Crashlytics
  - Fabric
  - FBSDKCoreKit
  - FBSDKLoginKit
  - Firebase
  - Firebase/Auth
  - Firebase/Core
  - Firebase/Database
  - Firebase/Messaging
  - Firebase/Storage
  - GoogleSignIn
  - KRProgressHUD (from `https://github.com/krimpedance/KRProgressHUD.git`, branch `swift2.3`)
  - KYDrawerController (from `https://github.com/ykyouhei/KYDrawerController.git`, branch `develop`)
  - SCLAlertView (from `https://github.com/vikmeup/SCLAlertView-Swift.git`, branch `swift-2.3`)
  - SkyFloatingLabelTextField (~> 1.0)
  - SwiftCountryPicker
  - XLPagerTabStrip (~> 5.0)
  - XMExpandableTableView

EXTERNAL SOURCES:
  KRProgressHUD:
    :branch: swift2.3
    :git: https://github.com/krimpedance/KRProgressHUD.git
  KYDrawerController:
    :branch: develop
    :git: https://github.com/ykyouhei/KYDrawerController.git
  SCLAlertView:
    :branch: swift-2.3
    :git: https://github.com/vikmeup/SCLAlertView-Swift.git

CHECKOUT OPTIONS:
  KRProgressHUD:
    :commit: cc9d02fb86984c7ac4cb0a1076940c986fc83d07
    :git: https://github.com/krimpedance/KRProgressHUD.git
  KYDrawerController:
    :commit: 963ec674be39fc28c9eb656e0579c273811c973d
    :git: https://github.com/ykyouhei/KYDrawerController.git
  SCLAlertView:
    :commit: 34e266d379d4edb961a87f4cc21122eb320e447e
    :git: https://github.com/vikmeup/SCLAlertView-Swift.git

SPEC CHECKSUMS:
  AnimatedTextInput: ca74e724c6b6c9d0566bdb0cffa38e476776c70c
  Bolts: 8a7995239dbe724f9cba2248b766d48b7ebdd322
  Crashlytics: 2b6dbe138a42395577cfa73dfa1aa7248cadf39e
  Fabric: c73f371ee543e3f0b80608f2674750e4910d1669
  FBSDKCoreKit: 7a6baaed4a2b2a244ba253346713bdbc74df135b
  FBSDKLoginKit: 469a56cebe2e1ed62b1621d0b155970fd6aac2d8
  Firebase: be473484f0d515e72ffd04acf22f981773c23e58
  FirebaseAnalytics: 0533a00b681e08fd0b2cd0444b7ddf0ef9fd7a1a
  FirebaseAuth: 75a062bbf2d3c97d1e6e55bbc110e13a6853e25d
  FirebaseCore: 5a885548bbc5f0c410b04f8e9ac9d73ff1221907
  FirebaseDatabase: 750a4a0fe18ef114318876fd654b2d9c671e0992
  FirebaseInstanceID: ba1e640935235e5fac39dfa816fe7660e72e1a8a
  FirebaseMessaging: 789d23fd796594dfb55dcf36cd325541df887c22
  FirebaseStorage: 3992817bf405f5c1a4f8349678d22724cd0ef509
  GoogleAppUtilities: a8a552aa74f6597f805e45b5a3962766c3134973
  GoogleAuthUtilities: ccad2e0a9284699973ff57c0dd24c3893657fda4
  GoogleInterchangeUtilities: d5bc4d88d5b661ab72f9d70c58d02ca8c27ad1f7
  GoogleIPhoneUtilities: 63f25e93a3ddcb66884d182aab3a660d98f1479b
  GoogleNetworkingUtilities: 3edd3a8161347494f2da60ea0deddc8a472d94cb
  GoogleSignIn: 09036ed61f8e75f1424100d63f7719480b2428c3
  GoogleSymbolUtilities: 631ee17048aa5e9ab133470d768ea997a5ef9b96
  GoogleUtilities: 8bbc733218aad26306f9d4a253823986110e3358
  KRProgressHUD: eb23a52e98069190660e33167e870cf2d80a435f
  KYDrawerController: 3bb920220cb1d1ff7d86d40c61d5848ed647d385
  SCLAlertView: 0f6b3c23a48b4993564ff1dd3c065782e4b2b687
  SkyFloatingLabelTextField: 3f6610aded18e778df5cfab3b9e12a11b3e014e9
  SwiftCountryPicker: 18f69fe0301412de373d3d2043fea38a6053ca91
  XLPagerTabStrip: 9191deaa2336735b7c47beb21e42be537fa4242a
  XMExpandableTableView: 40569d1be8ee6efa9a48793f9a476ad109c4336f

PODFILE CHECKSUM: aef495ea8ba91ba438e32729245984d87b9eb667

COCOAPODS: 1.0.1
