// !$*UTF8*$!
{
	archiveVersion = 1;
	classes = {
	};
	objectVersion = 46;
	objects = {

/* Begin PBXBuildFile section */
		462DE9F71D478B9E00E31E8F /* CTDatePicker.swift in Sources */ = {isa = PBXBuildFile; fileRef = 462DE9F61D478B9E00E31E8F /* CTDatePicker.swift */; };
		46B608701D44A7D3000FE098 /* NewMatchViewController.swift in Sources */ = {isa = PBXBuildFile; fileRef = 46B6086F1D44A7D3000FE098 /* NewMatchViewController.swift */; };
		46C983901D3922D200DFC607 /* AppDelegate.swift in Sources */ = {isa = PBXBuildFile; fileRef = 46C9838F1D3922D200DFC607 /* AppDelegate.swift */; };
		46C983971D3922D200DFC607 /* Assets.xcassets in Resources */ = {isa = PBXBuildFile; fileRef = 46C983961D3922D200DFC607 /* Assets.xcassets */; };
		46C9839A1D3922D200DFC607 /* LaunchScreen.storyboard in Resources */ = {isa = PBXBuildFile; fileRef = 46C983981D3922D200DFC607 /* LaunchScreen.storyboard */; };
		46C983A51D3922D200DFC607 /* CricTracTests.swift in Sources */ = {isa = PBXBuildFile; fileRef = 46C983A41D3922D200DFC607 /* CricTracTests.swift */; };
		46C983B01D3927F000DFC607 /* GoogleService-Info.plist in Resources */ = {isa = PBXBuildFile; fileRef = 46C983AF1D3927F000DFC607 /* GoogleService-Info.plist */; };
		46C983B61D39D86800DFC607 /* performanceCell.swift in Sources */ = {isa = PBXBuildFile; fileRef = 46C983B51D39D86800DFC607 /* performanceCell.swift */; };
		46C983BF1D3FC72400DFC607 /* DashboardViewController.swift in Sources */ = {isa = PBXBuildFile; fileRef = 46C983BE1D3FC72400DFC607 /* DashboardViewController.swift */; };
		46C983C21D4078EB00DFC607 /* utility.swift in Sources */ = {isa = PBXBuildFile; fileRef = 46C983C11D4078EB00DFC607 /* utility.swift */; };
		46C983C41D40968300DFC607 /* Extentions.swift in Sources */ = {isa = PBXBuildFile; fileRef = 46C983C31D40968300DFC607 /* Extentions.swift */; };
		892E1A971D3BC8D100EBF014 /* Main.storyboard in Resources */ = {isa = PBXBuildFile; fileRef = 892E1A951D3BC8D100EBF014 /* Main.storyboard */; };
		8935ADC51D3E640900607C9D /* deleteFileAfterUse.m in Sources */ = {isa = PBXBuildFile; fileRef = 8935ADC41D3E640900607C9D /* deleteFileAfterUse.m */; };
		8957420F1D43978E0097DF58 /* SummaryViewController.swift in Sources */ = {isa = PBXBuildFile; fileRef = 8957420E1D43978E0097DF58 /* SummaryViewController.swift */; };
		8962F89F1D4666E0008D1AC3 /* Images.xcassets in Resources */ = {isa = PBXBuildFile; fileRef = 8962F89E1D4666E0008D1AC3 /* Images.xcassets */; };
		89CC84FC1D43E4D6007F2402 /* SummaryMatchDetailsViewController.swift in Sources */ = {isa = PBXBuildFile; fileRef = 89CC84FB1D43E4D6007F2402 /* SummaryMatchDetailsViewController.swift */; };
		89E83F7A1D4A4FF100232250 /* MenuViewController.swift in Sources */ = {isa = PBXBuildFile; fileRef = 89E83F791D4A4FF100232250 /* MenuViewController.swift */; };
		89E83F7C1D4A5AD000232250 /* MenuTableViewCell.swift in Sources */ = {isa = PBXBuildFile; fileRef = 89E83F7B1D4A5AD000232250 /* MenuTableViewCell.swift */; };
		89E83F7E1D4A750000232250 /* DashboardHeaderView.xib in Resources */ = {isa = PBXBuildFile; fileRef = 89E83F7D1D4A750000232250 /* DashboardHeaderView.xib */; };
		89F4E4B31D48FECD00EFE46E /* summaryTableViewCell.swift in Sources */ = {isa = PBXBuildFile; fileRef = 89F4E4B21D48FECD00EFE46E /* summaryTableViewCell.swift */; };
		89F4E4B51D49345300EFE46E /* ProfileViewController.swift in Sources */ = {isa = PBXBuildFile; fileRef = 89F4E4B41D49345300EFE46E /* ProfileViewController.swift */; };
		89FD59C61D41C3AE003EF45C /* SF-UI-Text-Bold.otf in Resources */ = {isa = PBXBuildFile; fileRef = 89FD59C41D41C3AE003EF45C /* SF-UI-Text-Bold.otf */; };
		89FD59C71D41C3AE003EF45C /* SF-UI-Text-Regular.otf in Resources */ = {isa = PBXBuildFile; fileRef = 89FD59C51D41C3AE003EF45C /* SF-UI-Text-Regular.otf */; };
		969786FFCE77D7FA1172017A /* Pods_CricTrac.framework in Frameworks */ = {isa = PBXBuildFile; fileRef = ADA948F8B3E9B5D978AF58E0 /* Pods_CricTrac.framework */; };
/* End PBXBuildFile section */

/* Begin PBXContainerItemProxy section */
		46C983A11D3922D200DFC607 /* PBXContainerItemProxy */ = {
			isa = PBXContainerItemProxy;
			containerPortal = 46C983841D3922D200DFC607 /* Project object */;
			proxyType = 1;
			remoteGlobalIDString = 46C9838B1D3922D200DFC607;
			remoteInfo = CricTrac;
		};
/* End PBXContainerItemProxy section */

/* Begin PBXFileReference section */
		056D56ED7752D65D58DB4504 /* Pods-CricTrac.release.xcconfig */ = {isa = PBXFileReference; includeInIndex = 1; lastKnownFileType = text.xcconfig; name = "Pods-CricTrac.release.xcconfig"; path = "Pods/Target Support Files/Pods-CricTrac/Pods-CricTrac.release.xcconfig"; sourceTree = "<group>"; };
		462DE9F61D478B9E00E31E8F /* CTDatePicker.swift */ = {isa = PBXFileReference; fileEncoding = 4; lastKnownFileType = sourcecode.swift; name = CTDatePicker.swift; path = utility/CTDatePicker.swift; sourceTree = "<group>"; };
		46B6086F1D44A7D3000FE098 /* NewMatchViewController.swift */ = {isa = PBXFileReference; fileEncoding = 4; lastKnownFileType = sourcecode.swift; name = NewMatchViewController.swift; path = Controller/NewMatchViewController.swift; sourceTree = "<group>"; };
		46C9838C1D3922D200DFC607 /* CricTrac.app */ = {isa = PBXFileReference; explicitFileType = wrapper.application; includeInIndex = 0; path = CricTrac.app; sourceTree = BUILT_PRODUCTS_DIR; };
		46C9838F1D3922D200DFC607 /* AppDelegate.swift */ = {isa = PBXFileReference; lastKnownFileType = sourcecode.swift; path = AppDelegate.swift; sourceTree = "<group>"; };
		46C983961D3922D200DFC607 /* Assets.xcassets */ = {isa = PBXFileReference; lastKnownFileType = folder.assetcatalog; path = Assets.xcassets; sourceTree = "<group>"; };
		46C983991D3922D200DFC607 /* Base */ = {isa = PBXFileReference; lastKnownFileType = file.storyboard; name = Base; path = Base.lproj/LaunchScreen.storyboard; sourceTree = "<group>"; };
		46C9839B1D3922D200DFC607 /* Info.plist */ = {isa = PBXFileReference; lastKnownFileType = text.plist.xml; path = Info.plist; sourceTree = "<group>"; };
		46C983A01D3922D200DFC607 /* CricTracTests.xctest */ = {isa = PBXFileReference; explicitFileType = wrapper.cfbundle; includeInIndex = 0; path = CricTracTests.xctest; sourceTree = BUILT_PRODUCTS_DIR; };
		46C983A41D3922D200DFC607 /* CricTracTests.swift */ = {isa = PBXFileReference; lastKnownFileType = sourcecode.swift; path = CricTracTests.swift; sourceTree = "<group>"; };
		46C983A61D3922D200DFC607 /* Info.plist */ = {isa = PBXFileReference; lastKnownFileType = text.plist.xml; path = Info.plist; sourceTree = "<group>"; };
		46C983AF1D3927F000DFC607 /* GoogleService-Info.plist */ = {isa = PBXFileReference; fileEncoding = 4; lastKnownFileType = text.plist.xml; path = "GoogleService-Info.plist"; sourceTree = "<group>"; };
		46C983B51D39D86800DFC607 /* performanceCell.swift */ = {isa = PBXFileReference; fileEncoding = 4; lastKnownFileType = sourcecode.swift; name = performanceCell.swift; path = View/performanceCell.swift; sourceTree = "<group>"; };
		46C983BE1D3FC72400DFC607 /* DashboardViewController.swift */ = {isa = PBXFileReference; fileEncoding = 4; lastKnownFileType = sourcecode.swift; name = DashboardViewController.swift; path = Controller/DashboardViewController.swift; sourceTree = "<group>"; };
		46C983C11D4078EB00DFC607 /* utility.swift */ = {isa = PBXFileReference; fileEncoding = 4; lastKnownFileType = sourcecode.swift; name = utility.swift; path = utility/utility.swift; sourceTree = "<group>"; };
		46C983C31D40968300DFC607 /* Extentions.swift */ = {isa = PBXFileReference; fileEncoding = 4; lastKnownFileType = sourcecode.swift; path = Extentions.swift; sourceTree = "<group>"; };
		549F76A86F0BF1CECAF26359 /* Pods-CricTrac.debug.xcconfig */ = {isa = PBXFileReference; includeInIndex = 1; lastKnownFileType = text.xcconfig; name = "Pods-CricTrac.debug.xcconfig"; path = "Pods/Target Support Files/Pods-CricTrac/Pods-CricTrac.debug.xcconfig"; sourceTree = "<group>"; };
		892E1A961D3BC8D100EBF014 /* Base */ = {isa = PBXFileReference; lastKnownFileType = file.storyboard; name = Base; path = Base.lproj/Main.storyboard; sourceTree = "<group>"; };
		8935ADC31D3E640900607C9D /* CricTrac-Bridging-Header.h */ = {isa = PBXFileReference; lastKnownFileType = sourcecode.c.h; path = "CricTrac-Bridging-Header.h"; sourceTree = "<group>"; };
		8935ADC41D3E640900607C9D /* deleteFileAfterUse.m */ = {isa = PBXFileReference; fileEncoding = 4; lastKnownFileType = sourcecode.c.objc; path = deleteFileAfterUse.m; sourceTree = "<group>"; };
		8957420E1D43978E0097DF58 /* SummaryViewController.swift */ = {isa = PBXFileReference; fileEncoding = 4; lastKnownFileType = sourcecode.swift; path = SummaryViewController.swift; sourceTree = "<group>"; };
		8962F89E1D4666E0008D1AC3 /* Images.xcassets */ = {isa = PBXFileReference; lastKnownFileType = folder.assetcatalog; path = Images.xcassets; sourceTree = "<group>"; };
		89CC84FB1D43E4D6007F2402 /* SummaryMatchDetailsViewController.swift */ = {isa = PBXFileReference; fileEncoding = 4; lastKnownFileType = sourcecode.swift; path = SummaryMatchDetailsViewController.swift; sourceTree = "<group>"; };
		89E83F791D4A4FF100232250 /* MenuViewController.swift */ = {isa = PBXFileReference; fileEncoding = 4; lastKnownFileType = sourcecode.swift; path = MenuViewController.swift; sourceTree = "<group>"; };
		89E83F7B1D4A5AD000232250 /* MenuTableViewCell.swift */ = {isa = PBXFileReference; fileEncoding = 4; lastKnownFileType = sourcecode.swift; path = MenuTableViewCell.swift; sourceTree = "<group>"; };
		89E83F7D1D4A750000232250 /* DashboardHeaderView.xib */ = {isa = PBXFileReference; fileEncoding = 4; lastKnownFileType = file.xib; path = DashboardHeaderView.xib; sourceTree = "<group>"; };
		89F4E4B21D48FECD00EFE46E /* summaryTableViewCell.swift */ = {isa = PBXFileReference; fileEncoding = 4; lastKnownFileType = sourcecode.swift; path = summaryTableViewCell.swift; sourceTree = "<group>"; };
		89F4E4B41D49345300EFE46E /* ProfileViewController.swift */ = {isa = PBXFileReference; fileEncoding = 4; lastKnownFileType = sourcecode.swift; path = ProfileViewController.swift; sourceTree = "<group>"; };
		89FD59C41D41C3AE003EF45C /* SF-UI-Text-Bold.otf */ = {isa = PBXFileReference; lastKnownFileType = file; path = "SF-UI-Text-Bold.otf"; sourceTree = "<group>"; };
		89FD59C51D41C3AE003EF45C /* SF-UI-Text-Regular.otf */ = {isa = PBXFileReference; lastKnownFileType = file; path = "SF-UI-Text-Regular.otf"; sourceTree = "<group>"; };
		ADA948F8B3E9B5D978AF58E0 /* Pods_CricTrac.framework */ = {isa = PBXFileReference; explicitFileType = wrapper.framework; includeInIndex = 0; path = Pods_CricTrac.framework; sourceTree = BUILT_PRODUCTS_DIR; };
/* End PBXFileReference section */

/* Begin PBXFrameworksBuildPhase section */
		46C983891D3922D200DFC607 /* Frameworks */ = {
			isa = PBXFrameworksBuildPhase;
			buildActionMask = 2147483647;
			files = (
				969786FFCE77D7FA1172017A /* Pods_CricTrac.framework in Frameworks */,
			);
			runOnlyForDeploymentPostprocessing = 0;
		};
		46C9839D1D3922D200DFC607 /* Frameworks */ = {
			isa = PBXFrameworksBuildPhase;
			buildActionMask = 2147483647;
			files = (
			);
			runOnlyForDeploymentPostprocessing = 0;
		};
/* End PBXFrameworksBuildPhase section */

/* Begin PBXGroup section */
		0C967E7B250913E6D7917E87 /* Frameworks */ = {
			isa = PBXGroup;
			children = (
				ADA948F8B3E9B5D978AF58E0 /* Pods_CricTrac.framework */,
			);
			name = Frameworks;
			sourceTree = "<group>";
		};
		46C983831D3922D200DFC607 = {
			isa = PBXGroup;
			children = (
				8935ADC41D3E640900607C9D /* deleteFileAfterUse.m */,
				46C983AF1D3927F000DFC607 /* GoogleService-Info.plist */,
				46C9838E1D3922D200DFC607 /* CricTrac */,
				46C983A31D3922D200DFC607 /* CricTracTests */,
				46C9838D1D3922D200DFC607 /* Products */,
				7E6F0BCB575E577E73E4A55E /* Pods */,
				0C967E7B250913E6D7917E87 /* Frameworks */,
				8935ADC31D3E640900607C9D /* CricTrac-Bridging-Header.h */,
			);
			sourceTree = "<group>";
		};
		46C9838D1D3922D200DFC607 /* Products */ = {
			isa = PBXGroup;
			children = (
				46C9838C1D3922D200DFC607 /* CricTrac.app */,
				46C983A01D3922D200DFC607 /* CricTracTests.xctest */,
			);
			name = Products;
			sourceTree = "<group>";
		};
		46C9838E1D3922D200DFC607 /* CricTrac */ = {
			isa = PBXGroup;
			children = (
				46C983C01D4078B500DFC607 /* utility */,
				8958F5F51D392CCC0028D5AA /* Model */,
				8958F5F41D392CC50028D5AA /* Services */,
				8958F5F11D392B780028D5AA /* Controller */,
				8958F5F01D39298D0028D5AA /* View */,
				46C9838F1D3922D200DFC607 /* AppDelegate.swift */,
				46C983961D3922D200DFC607 /* Assets.xcassets */,
				46C9839B1D3922D200DFC607 /* Info.plist */,
				8962F89E1D4666E0008D1AC3 /* Images.xcassets */,
			);
			path = CricTrac;
			sourceTree = "<group>";
		};
		46C983A31D3922D200DFC607 /* CricTracTests */ = {
			isa = PBXGroup;
			children = (
				46C983A41D3922D200DFC607 /* CricTracTests.swift */,
				46C983A61D3922D200DFC607 /* Info.plist */,
			);
			path = CricTracTests;
			sourceTree = "<group>";
		};
		46C983C01D4078B500DFC607 /* utility */ = {
			isa = PBXGroup;
			children = (
				89FD59C41D41C3AE003EF45C /* SF-UI-Text-Bold.otf */,
				89FD59C51D41C3AE003EF45C /* SF-UI-Text-Regular.otf */,
				46C983C11D4078EB00DFC607 /* utility.swift */,
				46C983C31D40968300DFC607 /* Extentions.swift */,
				462DE9F61D478B9E00E31E8F /* CTDatePicker.swift */,
			);
			name = utility;
			sourceTree = "<group>";
		};
		7E6F0BCB575E577E73E4A55E /* Pods */ = {
			isa = PBXGroup;
			children = (
				549F76A86F0BF1CECAF26359 /* Pods-CricTrac.debug.xcconfig */,
				056D56ED7752D65D58DB4504 /* Pods-CricTrac.release.xcconfig */,
			);
			name = Pods;
			sourceTree = "<group>";
		};
		8958F5F01D39298D0028D5AA /* View */ = {
			isa = PBXGroup;
			children = (
				892E1A951D3BC8D100EBF014 /* Main.storyboard */,
				46C983981D3922D200DFC607 /* LaunchScreen.storyboard */,
				46C983B51D39D86800DFC607 /* performanceCell.swift */,
				89F4E4B21D48FECD00EFE46E /* summaryTableViewCell.swift */,
				89E83F7B1D4A5AD000232250 /* MenuTableViewCell.swift */,
				89E83F7D1D4A750000232250 /* DashboardHeaderView.xib */,
			);
			name = View;
			sourceTree = "<group>";
		};
		8958F5F11D392B780028D5AA /* Controller */ = {
			isa = PBXGroup;
			children = (
				46B6086F1D44A7D3000FE098 /* NewMatchViewController.swift */,
				46C983BE1D3FC72400DFC607 /* DashboardViewController.swift */,
				8957420E1D43978E0097DF58 /* SummaryViewController.swift */,
				89CC84FB1D43E4D6007F2402 /* SummaryMatchDetailsViewController.swift */,
				89F4E4B41D49345300EFE46E /* ProfileViewController.swift */,
				89E83F791D4A4FF100232250 /* MenuViewController.swift */,
			);
			name = Controller;
			sourceTree = "<group>";
		};
		8958F5F41D392CC50028D5AA /* Services */ = {
			isa = PBXGroup;
			children = (
			);
			name = Services;
			sourceTree = "<group>";
		};
		8958F5F51D392CCC0028D5AA /* Model */ = {
			isa = PBXGroup;
			children = (
			);
			name = Model;
			sourceTree = "<group>";
		};
/* End PBXGroup section */

/* Begin PBXNativeTarget section */
		46C9838B1D3922D200DFC607 /* CricTrac */ = {
			isa = PBXNativeTarget;
			buildConfigurationList = 46C983A91D3922D200DFC607 /* Build configuration list for PBXNativeTarget "CricTrac" */;
			buildPhases = (
				82036D2546B5FC2D60598DC7 /* [CP] Check Pods Manifest.lock */,
				46C983881D3922D200DFC607 /* Sources */,
				46C983891D3922D200DFC607 /* Frameworks */,
				46C9838A1D3922D200DFC607 /* Resources */,
				5E8B1F5C8738D9C8715648D3 /* [CP] Embed Pods Frameworks */,
				55D88E5487E4EE36E10220C8 /* [CP] Copy Pods Resources */,
			);
			buildRules = (
			);
			dependencies = (
			);
			name = CricTrac;
			productName = CricTrac;
			productReference = 46C9838C1D3922D200DFC607 /* CricTrac.app */;
			productType = "com.apple.product-type.application";
		};
		46C9839F1D3922D200DFC607 /* CricTracTests */ = {
			isa = PBXNativeTarget;
			buildConfigurationList = 46C983AC1D3922D200DFC607 /* Build configuration list for PBXNativeTarget "CricTracTests" */;
			buildPhases = (
				46C9839C1D3922D200DFC607 /* Sources */,
				46C9839D1D3922D200DFC607 /* Frameworks */,
				46C9839E1D3922D200DFC607 /* Resources */,
			);
			buildRules = (
			);
			dependencies = (
				46C983A21D3922D200DFC607 /* PBXTargetDependency */,
			);
			name = CricTracTests;
			productName = CricTracTests;
			productReference = 46C983A01D3922D200DFC607 /* CricTracTests.xctest */;
			productType = "com.apple.product-type.bundle.unit-test";
		};
/* End PBXNativeTarget section */

/* Begin PBXProject section */
		46C983841D3922D200DFC607 /* Project object */ = {
			isa = PBXProject;
			attributes = {
				LastSwiftUpdateCheck = 0730;
				LastUpgradeCheck = 0730;
				ORGANIZATIONNAME = CricTrac;
				TargetAttributes = {
					46C9838B1D3922D200DFC607 = {
						CreatedOnToolsVersion = 7.3.1;
						DevelopmentTeam = 2986MKJ83K;
					};
					46C9839F1D3922D200DFC607 = {
						CreatedOnToolsVersion = 7.3.1;
						TestTargetID = 46C9838B1D3922D200DFC607;
					};
				};
			};
			buildConfigurationList = 46C983871D3922D200DFC607 /* Build configuration list for PBXProject "CricTrac" */;
			compatibilityVersion = "Xcode 3.2";
			developmentRegion = English;
			hasScannedForEncodings = 0;
			knownRegions = (
				en,
				Base,
			);
			mainGroup = 46C983831D3922D200DFC607;
			productRefGroup = 46C9838D1D3922D200DFC607 /* Products */;
			projectDirPath = "";
			projectRoot = "";
			targets = (
				46C9838B1D3922D200DFC607 /* CricTrac */,
				46C9839F1D3922D200DFC607 /* CricTracTests */,
			);
		};
/* End PBXProject section */

/* Begin PBXResourcesBuildPhase section */
		46C9838A1D3922D200DFC607 /* Resources */ = {
			isa = PBXResourcesBuildPhase;
			buildActionMask = 2147483647;
			files = (
				46C9839A1D3922D200DFC607 /* LaunchScreen.storyboard in Resources */,
				892E1A971D3BC8D100EBF014 /* Main.storyboard in Resources */,
				8962F89F1D4666E0008D1AC3 /* Images.xcassets in Resources */,
				89FD59C71D41C3AE003EF45C /* SF-UI-Text-Regular.otf in Resources */,
				89E83F7E1D4A750000232250 /* DashboardHeaderView.xib in Resources */,
				46C983B01D3927F000DFC607 /* GoogleService-Info.plist in Resources */,
				46C983971D3922D200DFC607 /* Assets.xcassets in Resources */,
				89FD59C61D41C3AE003EF45C /* SF-UI-Text-Bold.otf in Resources */,
			);
			runOnlyForDeploymentPostprocessing = 0;
		};
		46C9839E1D3922D200DFC607 /* Resources */ = {
			isa = PBXResourcesBuildPhase;
			buildActionMask = 2147483647;
			files = (
			);
			runOnlyForDeploymentPostprocessing = 0;
		};
/* End PBXResourcesBuildPhase section */

/* Begin PBXShellScriptBuildPhase section */
		55D88E5487E4EE36E10220C8 /* [CP] Copy Pods Resources */ = {
			isa = PBXShellScriptBuildPhase;
			buildActionMask = 2147483647;
			files = (
			);
			inputPaths = (
			);
			name = "[CP] Copy Pods Resources";
			outputPaths = (
			);
			runOnlyForDeploymentPostprocessing = 0;
			shellPath = /bin/sh;
			shellScript = "\"${SRCROOT}/Pods/Target Support Files/Pods-CricTrac/Pods-CricTrac-resources.sh\"\n";
			showEnvVarsInLog = 0;
		};
		5E8B1F5C8738D9C8715648D3 /* [CP] Embed Pods Frameworks */ = {
			isa = PBXShellScriptBuildPhase;
			buildActionMask = 2147483647;
			files = (
			);
			inputPaths = (
			);
			name = "[CP] Embed Pods Frameworks";
			outputPaths = (
			);
			runOnlyForDeploymentPostprocessing = 0;
			shellPath = /bin/sh;
			shellScript = "\"${SRCROOT}/Pods/Target Support Files/Pods-CricTrac/Pods-CricTrac-frameworks.sh\"\n";
			showEnvVarsInLog = 0;
		};
		82036D2546B5FC2D60598DC7 /* [CP] Check Pods Manifest.lock */ = {
			isa = PBXShellScriptBuildPhase;
			buildActionMask = 2147483647;
			files = (
			);
			inputPaths = (
			);
			name = "[CP] Check Pods Manifest.lock";
			outputPaths = (
			);
			runOnlyForDeploymentPostprocessing = 0;
			shellPath = /bin/sh;
			shellScript = "diff \"${PODS_ROOT}/../Podfile.lock\" \"${PODS_ROOT}/Manifest.lock\" > /dev/null\nif [[ $? != 0 ]] ; then\n    cat << EOM\nerror: The sandbox is not in sync with the Podfile.lock. Run 'pod install' or update your CocoaPods installation.\nEOM\n    exit 1\nfi\n";
			showEnvVarsInLog = 0;
		};
/* End PBXShellScriptBuildPhase section */

/* Begin PBXSourcesBuildPhase section */
		46C983881D3922D200DFC607 /* Sources */ = {
			isa = PBXSourcesBuildPhase;
			buildActionMask = 2147483647;
			files = (
				46C983901D3922D200DFC607 /* AppDelegate.swift in Sources */,
				8935ADC51D3E640900607C9D /* deleteFileAfterUse.m in Sources */,
				89E83F7C1D4A5AD000232250 /* MenuTableViewCell.swift in Sources */,
				46B608701D44A7D3000FE098 /* NewMatchViewController.swift in Sources */,
				89CC84FC1D43E4D6007F2402 /* SummaryMatchDetailsViewController.swift in Sources */,
				89F4E4B31D48FECD00EFE46E /* summaryTableViewCell.swift in Sources */,
				46C983C41D40968300DFC607 /* Extentions.swift in Sources */,
				89F4E4B51D49345300EFE46E /* ProfileViewController.swift in Sources */,
				89E83F7A1D4A4FF100232250 /* MenuViewController.swift in Sources */,
				46C983C21D4078EB00DFC607 /* utility.swift in Sources */,
				462DE9F71D478B9E00E31E8F /* CTDatePicker.swift in Sources */,
				46C983B61D39D86800DFC607 /* performanceCell.swift in Sources */,
				8957420F1D43978E0097DF58 /* SummaryViewController.swift in Sources */,
				46C983BF1D3FC72400DFC607 /* DashboardViewController.swift in Sources */,
			);
			runOnlyForDeploymentPostprocessing = 0;
		};
		46C9839C1D3922D200DFC607 /* Sources */ = {
			isa = PBXSourcesBuildPhase;
			buildActionMask = 2147483647;
			files = (
				46C983A51D3922D200DFC607 /* CricTracTests.swift in Sources */,
			);
			runOnlyForDeploymentPostprocessing = 0;
		};
/* End PBXSourcesBuildPhase section */

/* Begin PBXTargetDependency section */
		46C983A21D3922D200DFC607 /* PBXTargetDependency */ = {
			isa = PBXTargetDependency;
			target = 46C9838B1D3922D200DFC607 /* CricTrac */;
			targetProxy = 46C983A11D3922D200DFC607 /* PBXContainerItemProxy */;
		};
/* End PBXTargetDependency section */

/* Begin PBXVariantGroup section */
		46C983981D3922D200DFC607 /* LaunchScreen.storyboard */ = {
			isa = PBXVariantGroup;
			children = (
				46C983991D3922D200DFC607 /* Base */,
			);
			name = LaunchScreen.storyboard;
			sourceTree = "<group>";
		};
		892E1A951D3BC8D100EBF014 /* Main.storyboard */ = {
			isa = PBXVariantGroup;
			children = (
				892E1A961D3BC8D100EBF014 /* Base */,
			);
			name = Main.storyboard;
			sourceTree = "<group>";
		};
/* End PBXVariantGroup section */

/* Begin XCBuildConfiguration section */
		46C983A71D3922D200DFC607 /* Debug */ = {
			isa = XCBuildConfiguration;
			buildSettings = {
				ALWAYS_SEARCH_USER_PATHS = NO;
				CLANG_ANALYZER_NONNULL = YES;
				CLANG_CXX_LANGUAGE_STANDARD = "gnu++0x";
				CLANG_CXX_LIBRARY = "libc++";
				CLANG_ENABLE_MODULES = YES;
				CLANG_ENABLE_OBJC_ARC = YES;
				CLANG_WARN_BOOL_CONVERSION = YES;
				CLANG_WARN_CONSTANT_CONVERSION = YES;
				CLANG_WARN_DIRECT_OBJC_ISA_USAGE = YES_ERROR;
				CLANG_WARN_EMPTY_BODY = YES;
				CLANG_WARN_ENUM_CONVERSION = YES;
				CLANG_WARN_INT_CONVERSION = YES;
				CLANG_WARN_OBJC_ROOT_CLASS = YES_ERROR;
				CLANG_WARN_UNREACHABLE_CODE = YES;
				CLANG_WARN__DUPLICATE_METHOD_MATCH = YES;
				"CODE_SIGN_IDENTITY[sdk=iphoneos*]" = "iPhone Developer";
				COPY_PHASE_STRIP = NO;
				DEBUG_INFORMATION_FORMAT = dwarf;
				ENABLE_STRICT_OBJC_MSGSEND = YES;
				ENABLE_TESTABILITY = YES;
				GCC_C_LANGUAGE_STANDARD = gnu99;
				GCC_DYNAMIC_NO_PIC = NO;
				GCC_NO_COMMON_BLOCKS = YES;
				GCC_OPTIMIZATION_LEVEL = 0;
				GCC_PREPROCESSOR_DEFINITIONS = (
					"DEBUG=1",
					"$(inherited)",
				);
				GCC_WARN_64_TO_32_BIT_CONVERSION = YES;
				GCC_WARN_ABOUT_RETURN_TYPE = YES_ERROR;
				GCC_WARN_UNDECLARED_SELECTOR = YES;
				GCC_WARN_UNINITIALIZED_AUTOS = YES_AGGRESSIVE;
				GCC_WARN_UNUSED_FUNCTION = YES;
				GCC_WARN_UNUSED_VARIABLE = YES;
				IPHONEOS_DEPLOYMENT_TARGET = 9.3;
				MTL_ENABLE_DEBUG_INFO = YES;
				ONLY_ACTIVE_ARCH = YES;
				SDKROOT = iphoneos;
				SWIFT_OPTIMIZATION_LEVEL = "-Onone";
				TARGETED_DEVICE_FAMILY = "1,2";
			};
			name = Debug;
		};
		46C983A81D3922D200DFC607 /* Release */ = {
			isa = XCBuildConfiguration;
			buildSettings = {
				ALWAYS_SEARCH_USER_PATHS = NO;
				CLANG_ANALYZER_NONNULL = YES;
				CLANG_CXX_LANGUAGE_STANDARD = "gnu++0x";
				CLANG_CXX_LIBRARY = "libc++";
				CLANG_ENABLE_MODULES = YES;
				CLANG_ENABLE_OBJC_ARC = YES;
				CLANG_WARN_BOOL_CONVERSION = YES;
				CLANG_WARN_CONSTANT_CONVERSION = YES;
				CLANG_WARN_DIRECT_OBJC_ISA_USAGE = YES_ERROR;
				CLANG_WARN_EMPTY_BODY = YES;
				CLANG_WARN_ENUM_CONVERSION = YES;
				CLANG_WARN_INT_CONVERSION = YES;
				CLANG_WARN_OBJC_ROOT_CLASS = YES_ERROR;
				CLANG_WARN_UNREACHABLE_CODE = YES;
				CLANG_WARN__DUPLICATE_METHOD_MATCH = YES;
				"CODE_SIGN_IDENTITY[sdk=iphoneos*]" = "iPhone Developer";
				COPY_PHASE_STRIP = NO;
				DEBUG_INFORMATION_FORMAT = "dwarf-with-dsym";
				ENABLE_NS_ASSERTIONS = NO;
				ENABLE_STRICT_OBJC_MSGSEND = YES;
				GCC_C_LANGUAGE_STANDARD = gnu99;
				GCC_NO_COMMON_BLOCKS = YES;
				GCC_WARN_64_TO_32_BIT_CONVERSION = YES;
				GCC_WARN_ABOUT_RETURN_TYPE = YES_ERROR;
				GCC_WARN_UNDECLARED_SELECTOR = YES;
				GCC_WARN_UNINITIALIZED_AUTOS = YES_AGGRESSIVE;
				GCC_WARN_UNUSED_FUNCTION = YES;
				GCC_WARN_UNUSED_VARIABLE = YES;
				IPHONEOS_DEPLOYMENT_TARGET = 9.3;
				MTL_ENABLE_DEBUG_INFO = NO;
				SDKROOT = iphoneos;
				TARGETED_DEVICE_FAMILY = "1,2";
				VALIDATE_PRODUCT = YES;
			};
			name = Release;
		};
		46C983AA1D3922D200DFC607 /* Debug */ = {
			isa = XCBuildConfiguration;
			baseConfigurationReference = 549F76A86F0BF1CECAF26359 /* Pods-CricTrac.debug.xcconfig */;
			buildSettings = {
				ASSETCATALOG_COMPILER_APPICON_NAME = AppIcon;
				ASSETCATALOG_COMPILER_LAUNCHIMAGE_NAME = "Brand Assets";
				CLANG_ENABLE_MODULES = YES;
				CODE_SIGN_IDENTITY = "iPhone Distribution";
				"CODE_SIGN_IDENTITY[sdk=iphoneos*]" = "iPhone Developer";
				INFOPLIST_FILE = CricTrac/Info.plist;
				LD_RUNPATH_SEARCH_PATHS = "$(inherited) @executable_path/Frameworks";
				PRODUCT_BUNDLE_IDENTIFIER = com.ct.cricrac;
				PRODUCT_NAME = "$(TARGET_NAME)";
				PROVISIONING_PROFILE = "";
				SWIFT_OBJC_BRIDGING_HEADER = "CricTrac-Bridging-Header.h";
				SWIFT_OPTIMIZATION_LEVEL = "-Onone";
			};
			name = Debug;
		};
		46C983AB1D3922D200DFC607 /* Release */ = {
			isa = XCBuildConfiguration;
			baseConfigurationReference = 056D56ED7752D65D58DB4504 /* Pods-CricTrac.release.xcconfig */;
			buildSettings = {
				ASSETCATALOG_COMPILER_APPICON_NAME = AppIcon;
				ASSETCATALOG_COMPILER_LAUNCHIMAGE_NAME = "Brand Assets";
				CLANG_ENABLE_MODULES = YES;
				CODE_SIGN_IDENTITY = "iPhone Distribution";
				"CODE_SIGN_IDENTITY[sdk=iphoneos*]" = "iPhone Developer";
				INFOPLIST_FILE = CricTrac/Info.plist;
				LD_RUNPATH_SEARCH_PATHS = "$(inherited) @executable_path/Frameworks";
				PRODUCT_BUNDLE_IDENTIFIER = com.ct.cricrac;
				PRODUCT_NAME = "$(TARGET_NAME)";
				PROVISIONING_PROFILE = "";
				SWIFT_OBJC_BRIDGING_HEADER = "CricTrac-Bridging-Header.h";
			};
			name = Release;
		};
		46C983AD1D3922D200DFC607 /* Debug */ = {
			isa = XCBuildConfiguration;
			buildSettings = {
				BUNDLE_LOADER = "$(TEST_HOST)";
				INFOPLIST_FILE = CricTracTests/Info.plist;
				LD_RUNPATH_SEARCH_PATHS = "$(inherited) @executable_path/Frameworks @loader_path/Frameworks";
				PRODUCT_BUNDLE_IDENTIFIER = CT.CricTracTests;
				PRODUCT_NAME = "$(TARGET_NAME)";
				TEST_HOST = "$(BUILT_PRODUCTS_DIR)/CricTrac.app/CricTrac";
			};
			name = Debug;
		};
		46C983AE1D3922D200DFC607 /* Release */ = {
			isa = XCBuildConfiguration;
			buildSettings = {
				BUNDLE_LOADER = "$(TEST_HOST)";
				INFOPLIST_FILE = CricTracTests/Info.plist;
				LD_RUNPATH_SEARCH_PATHS = "$(inherited) @executable_path/Frameworks @loader_path/Frameworks";
				PRODUCT_BUNDLE_IDENTIFIER = CT.CricTracTests;
				PRODUCT_NAME = "$(TARGET_NAME)";
				TEST_HOST = "$(BUILT_PRODUCTS_DIR)/CricTrac.app/CricTrac";
			};
			name = Release;
		};
/* End XCBuildConfiguration section */

/* Begin XCConfigurationList section */
		46C983871D3922D200DFC607 /* Build configuration list for PBXProject "CricTrac" */ = {
			isa = XCConfigurationList;
			buildConfigurations = (
				46C983A71D3922D200DFC607 /* Debug */,
				46C983A81D3922D200DFC607 /* Release */,
			);
			defaultConfigurationIsVisible = 0;
			defaultConfigurationName = Release;
		};
		46C983A91D3922D200DFC607 /* Build configuration list for PBXNativeTarget "CricTrac" */ = {
			isa = XCConfigurationList;
			buildConfigurations = (
				46C983AA1D3922D200DFC607 /* Debug */,
				46C983AB1D3922D200DFC607 /* Release */,
			);
			defaultConfigurationIsVisible = 0;
			defaultConfigurationName = Release;
		};
		46C983AC1D3922D200DFC607 /* Build configuration list for PBXNativeTarget "CricTracTests" */ = {
			isa = XCConfigurationList;
			buildConfigurations = (
				46C983AD1D3922D200DFC607 /* Debug */,
				46C983AE1D3922D200DFC607 /* Release */,
			);
			defaultConfigurationIsVisible = 0;
			defaultConfigurationName = Release;
		};
/* End XCConfigurationList section */
	};
	rootObject = 46C983841D3922D200DFC607 /* Project object */;
}
