// !$*UTF8*$!
{
	archiveVersion = 1;
	classes = {
	};
	objectVersion = 46;
	objects = {

/* Begin PBXBuildFile section */
		44546ED91E7E5D7000FCF8E2 /* StoreKit.framework in Frameworks */ = {isa = PBXBuildFile; fileRef = 44546ED81E7E5D7000FCF8E2 /* StoreKit.framework */; };
		460068911D6367CE007C9457 /* SuggestionView.swift in Sources */ = {isa = PBXBuildFile; fileRef = 460068901D6367CE007C9457 /* SuggestionView.swift */; };
		460068971D637638007C9457 /* SuggestionView.xib in Resources */ = {isa = PBXBuildFile; fileRef = 460068961D637638007C9457 /* SuggestionView.xib */; };
		460068991D638496007C9457 /* SuggestionCell.xib in Resources */ = {isa = PBXBuildFile; fileRef = 460068981D638496007C9457 /* SuggestionCell.xib */; };
		4600689B1D638545007C9457 /* SuggestionCell.swift in Sources */ = {isa = PBXBuildFile; fileRef = 4600689A1D638545007C9457 /* SuggestionCell.swift */; };
		4607A2641D54848A0090A5BD /* MatchViewController.swift in Sources */ = {isa = PBXBuildFile; fileRef = 4607A2631D54848A0090A5BD /* MatchViewController.swift */; };
		461F5A5F1DE136D600B4616F /* Theme.swift in Sources */ = {isa = PBXBuildFile; fileRef = 461F5A5E1DE136D600B4616F /* Theme.swift */; };
		462DE9F71D478B9E00E31E8F /* CTDatePicker.swift in Sources */ = {isa = PBXBuildFile; fileRef = 462DE9F61D478B9E00E31E8F /* CTDatePicker.swift */; };
		4633C9991DE996740062877C /* GoogleService-Info.plist in Resources */ = {isa = PBXBuildFile; fileRef = 4633C9981DE996740062877C /* GoogleService-Info.plist */; };
		4642DAA51D5039DD001F039D /* LoginViewController.swift in Sources */ = {isa = PBXBuildFile; fileRef = 4642DAA41D5039DD001F039D /* LoginViewController.swift */; };
		4657D5601D4992D7009E0FBE /* Constants.swift in Sources */ = {isa = PBXBuildFile; fileRef = 4657D55F1D4992D7009E0FBE /* Constants.swift */; };
		4657D5661D499FDD009E0FBE /* SliderMenuViewController.swift in Sources */ = {isa = PBXBuildFile; fileRef = 4657D5651D499FDD009E0FBE /* SliderMenuViewController.swift */; };
		4657D5681D49A060009E0FBE /* SliderMenuCell.swift in Sources */ = {isa = PBXBuildFile; fileRef = 4657D5671D49A060009E0FBE /* SliderMenuCell.swift */; };
		4657D56C1D4DA4E7009E0FBE /* Enums.swift in Sources */ = {isa = PBXBuildFile; fileRef = 4657D56B1D4DA4E7009E0FBE /* Enums.swift */; };
		4668E4CB1D68110500E36CB0 /* MatchSummaryViewController.swift in Sources */ = {isa = PBXBuildFile; fileRef = 4668E4CA1D68110500E36CB0 /* MatchSummaryViewController.swift */; };
		466AD3FA1D7A869B0033289C /* NewMatchParent.swift in Sources */ = {isa = PBXBuildFile; fileRef = 466AD3F91D7A869B0033289C /* NewMatchParent.swift */; };
		466AD3FC1D7A8EC10033289C /* CTPicker.swift in Sources */ = {isa = PBXBuildFile; fileRef = 466AD3FB1D7A8EC10033289C /* CTPicker.swift */; };
		46ACE0C51E0FA744004118A4 /* CommentsViewController.swift in Sources */ = {isa = PBXBuildFile; fileRef = 46ACE0C41E0FA744004118A4 /* CommentsViewController.swift */; };
		46ACE0C71E0FF625004118A4 /* CommentTableViewCell.swift in Sources */ = {isa = PBXBuildFile; fileRef = 46ACE0C61E0FF625004118A4 /* CommentTableViewCell.swift */; };
		46B0D66B1D8B881500C93247 /* TimeLineViewController.swift in Sources */ = {isa = PBXBuildFile; fileRef = 46B0D66A1D8B881500C93247 /* TimeLineViewController.swift */; };
		46B608701D44A7D3000FE098 /* NewMatchViewController.swift in Sources */ = {isa = PBXBuildFile; fileRef = 46B6086F1D44A7D3000FE098 /* NewMatchViewController.swift */; };
		46C983901D3922D200DFC607 /* AppDelegate.swift in Sources */ = {isa = PBXBuildFile; fileRef = 46C9838F1D3922D200DFC607 /* AppDelegate.swift */; };
		46C983971D3922D200DFC607 /* App.xcassets in Resources */ = {isa = PBXBuildFile; fileRef = 46C983961D3922D200DFC607 /* App.xcassets */; };
		46C9839A1D3922D200DFC607 /* LaunchScreen.storyboard in Resources */ = {isa = PBXBuildFile; fileRef = 46C983981D3922D200DFC607 /* LaunchScreen.storyboard */; };
		46C983A51D3922D200DFC607 /* CricTracTests.swift in Sources */ = {isa = PBXBuildFile; fileRef = 46C983A41D3922D200DFC607 /* CricTracTests.swift */; };
		46C983B61D39D86800DFC607 /* performanceCell.swift in Sources */ = {isa = PBXBuildFile; fileRef = 46C983B51D39D86800DFC607 /* performanceCell.swift */; };
		46C983C21D4078EB00DFC607 /* utility.swift in Sources */ = {isa = PBXBuildFile; fileRef = 46C983C11D4078EB00DFC607 /* utility.swift */; };
		46C983C41D40968300DFC607 /* Extentions.swift in Sources */ = {isa = PBXBuildFile; fileRef = 46C983C31D40968300DFC607 /* Extentions.swift */; };
		46CE472E1D7A787D00EA63E2 /* CTAlertViewController.swift in Sources */ = {isa = PBXBuildFile; fileRef = 46CE472D1D7A787D00EA63E2 /* CTAlertViewController.swift */; };
		46DE32C51D900C9F0024CD82 /* AddPostTableViewCell.swift in Sources */ = {isa = PBXBuildFile; fileRef = 46DE32C31D900C9F0024CD82 /* AddPostTableViewCell.swift */; };
		46DE32C61D900C9F0024CD82 /* AddPostTableViewCell.xib in Resources */ = {isa = PBXBuildFile; fileRef = 46DE32C41D900C9F0024CD82 /* AddPostTableViewCell.xib */; };
		46DE32CB1D90152F0024CD82 /* APostTableViewCell.swift in Sources */ = {isa = PBXBuildFile; fileRef = 46DE32C91D90152F0024CD82 /* APostTableViewCell.swift */; };
		46DE32CC1D90152F0024CD82 /* APostTableViewCell.xib in Resources */ = {isa = PBXBuildFile; fileRef = 46DE32CA1D90152F0024CD82 /* APostTableViewCell.xib */; };
		46F25A031D5B1AAD001EBEF9 /* Service.swift in Sources */ = {isa = PBXBuildFile; fileRef = 46F25A021D5B1AAD001EBEF9 /* Service.swift */; };
		46F36E361D93801900EA9C6A /* ImagePostTableViewCell.swift in Sources */ = {isa = PBXBuildFile; fileRef = 46F36E341D93801900EA9C6A /* ImagePostTableViewCell.swift */; };
		46F36E371D93801900EA9C6A /* ImagePostTableViewCell.xib in Resources */ = {isa = PBXBuildFile; fileRef = 46F36E351D93801900EA9C6A /* ImagePostTableViewCell.xib */; };
		46FA41D41D6D3F68006635C6 /* MatchDetailsTrackable.swift in Sources */ = {isa = PBXBuildFile; fileRef = 46FA41D31D6D3F68006635C6 /* MatchDetailsTrackable.swift */; };
		46FDA5BD1DD81D19008F2BC0 /* NetworkManager.swift in Sources */ = {isa = PBXBuildFile; fileRef = 46FDA5BC1DD81D19008F2BC0 /* NetworkManager.swift */; };
		6783C11F1E67347D00DEDA55 /* HelperFunctions.swift in Sources */ = {isa = PBXBuildFile; fileRef = 6783C11E1E67347D00DEDA55 /* HelperFunctions.swift */; };
		89067D731DAE9D120021F463 /* radioSelectView.swift in Sources */ = {isa = PBXBuildFile; fileRef = 89067D721DAE9D120021F463 /* radioSelectView.swift */; };
		89067D751DAEA89C0021F463 /* TransitionManager.swift in Sources */ = {isa = PBXBuildFile; fileRef = 89067D741DAEA89C0021F463 /* TransitionManager.swift */; };
		8909FACB1DB9B49900066FC5 /* DoneButton.swift in Sources */ = {isa = PBXBuildFile; fileRef = 8909FACA1DB9B49900066FC5 /* DoneButton.swift */; };
		890B42C71D60472C00736F03 /* CollapsibleTableViewCell.swift in Sources */ = {isa = PBXBuildFile; fileRef = 890B42C61D60472C00736F03 /* CollapsibleTableViewCell.swift */; };
		890CC72B1E162F73005D139A /* DashboardData.swift in Sources */ = {isa = PBXBuildFile; fileRef = 890CC72A1E162F73005D139A /* DashboardData.swift */; };
		890EA2F11DB92BD100FB40DB /* ForgotPasswordViewController.swift in Sources */ = {isa = PBXBuildFile; fileRef = 890EA2F01DB92BD100FB40DB /* ForgotPasswordViewController.swift */; };
		89129C4A1D904F89009488FE /* LoginBaseViewController.swift in Sources */ = {isa = PBXBuildFile; fileRef = 89129C491D904F89009488FE /* LoginBaseViewController.swift */; };
		89129C4C1D90501B009488FE /* RegisterViewController.swift in Sources */ = {isa = PBXBuildFile; fileRef = 89129C4B1D90501B009488FE /* RegisterViewController.swift */; };
		8917AE241D94466900E6BC1A /* ThemeSettingsViewController.swift in Sources */ = {isa = PBXBuildFile; fileRef = 8917AE231D94466900E6BC1A /* ThemeSettingsViewController.swift */; };
		891969C11EC20C120084AD32 /* TimelineComments.swift in Sources */ = {isa = PBXBuildFile; fileRef = 891969C01EC20C120084AD32 /* TimelineComments.swift */; };
		891B2AA51E7CDA6200F6B5BA /* FriendRequestCollectionViewCell.swift in Sources */ = {isa = PBXBuildFile; fileRef = 891B2AA41E7CDA6200F6B5BA /* FriendRequestCollectionViewCell.swift */; };
		891B2AA71E7CE09800F6B5BA /* RequestsData.swift in Sources */ = {isa = PBXBuildFile; fileRef = 891B2AA61E7CE09800F6B5BA /* RequestsData.swift */; };
		8922042D1D97A3A6005F555B /* FriendsCell.xib in Resources */ = {isa = PBXBuildFile; fileRef = 8922042C1D97A3A6005F555B /* FriendsCell.xib */; };
		8922042F1D97A7EC005F555B /* FriendsCell.swift in Sources */ = {isa = PBXBuildFile; fileRef = 8922042E1D97A7EC005F555B /* FriendsCell.swift */; };
		892520B21E336044006946C0 /* CoachDashboardViewController.swift in Sources */ = {isa = PBXBuildFile; fileRef = 892520B11E336044006946C0 /* CoachDashboardViewController.swift */; };
		892520B41E3379E7006946C0 /* FanDashboardViewController.swift in Sources */ = {isa = PBXBuildFile; fileRef = 892520B31E3379E7006946C0 /* FanDashboardViewController.swift */; };
		892CE2D41D9EC126001E098E /* MatchResultsViewController.swift in Sources */ = {isa = PBXBuildFile; fileRef = 892CE2D31D9EC126001E098E /* MatchResultsViewController.swift */; };
		892E1A971D3BC8D100EBF014 /* Main.storyboard in Resources */ = {isa = PBXBuildFile; fileRef = 892E1A951D3BC8D100EBF014 /* Main.storyboard */; };
		892EA67E1D58DEBE00BEE5A3 /* ProfileDetails.swift in Sources */ = {isa = PBXBuildFile; fileRef = 892EA67C1D58DEBE00BEE5A3 /* ProfileDetails.swift */; };
		8930411A1D9E0C3B00F0E29C /* BattingBowlingViewController.swift in Sources */ = {isa = PBXBuildFile; fileRef = 893041191D9E0C3B00F0E29C /* BattingBowlingViewController.swift */; };
		8930F0341D5B5D4E00C7540B /* ProfileBaseViewController.swift in Sources */ = {isa = PBXBuildFile; fileRef = 8930F0331D5B5D4E00C7540B /* ProfileBaseViewController.swift */; };
		8930F0361D5B5ED600C7540B /* UserInfoViewController.swift in Sources */ = {isa = PBXBuildFile; fileRef = 8930F0351D5B5ED600C7540B /* UserInfoViewController.swift */; };
		8930F0381D5B751500C7540B /* CTCountryPicker.swift in Sources */ = {isa = PBXBuildFile; fileRef = 8930F0371D5B751500C7540B /* CTCountryPicker.swift */; };
		8930F03A1D5B824E00C7540B /* data.csv in Resources */ = {isa = PBXBuildFile; fileRef = 8930F0391D5B824E00C7540B /* data.csv */; };
		8930F03C1D5B94C300C7540B /* CTStatePicker.swift in Sources */ = {isa = PBXBuildFile; fileRef = 8930F03B1D5B94C300C7540B /* CTStatePicker.swift */; };
		89358AFB1E19773E00A1A6F0 /* SettingsViewCell.swift in Sources */ = {isa = PBXBuildFile; fileRef = 89358AF91E19773E00A1A6F0 /* SettingsViewCell.swift */; };
		89358AFC1E19773E00A1A6F0 /* SettingsViewCell.xib in Resources */ = {isa = PBXBuildFile; fileRef = 89358AFA1E19773E00A1A6F0 /* SettingsViewCell.xib */; };
		89358AFE1E197B4800A1A6F0 /* SettingsViewController.swift in Sources */ = {isa = PBXBuildFile; fileRef = 89358AFD1E197B4800A1A6F0 /* SettingsViewController.swift */; };
		893823B41E113ACE00BCD0CD /* SliderMenuViewCell.swift in Sources */ = {isa = PBXBuildFile; fileRef = 893823B31E113ACE00BCD0CD /* SliderMenuViewCell.swift */; };
		893823B61E113AE000BCD0CD /* SliderMenuViewCell.xib in Resources */ = {isa = PBXBuildFile; fileRef = 893823B51E113AE000BCD0CD /* SliderMenuViewCell.xib */; };
		893DAD4A1DB660AC00CC1875 /* Profile.swift in Sources */ = {isa = PBXBuildFile; fileRef = 893DAD491DB660AC00CC1875 /* Profile.swift */; };
		893E9EA11DB2629C00D63AB8 /* MenuTransitionOperator.swift in Sources */ = {isa = PBXBuildFile; fileRef = 893E9EA01DB2629C00D63AB8 /* MenuTransitionOperator.swift */; };
		894625001E1580E700FE79C2 /* TeamCollectionViewCell.swift in Sources */ = {isa = PBXBuildFile; fileRef = 894624FF1E1580E700FE79C2 /* TeamCollectionViewCell.swift */; };
		894CA29E1D96150A0043D3D1 /* SIL Open Font License.txt in Resources */ = {isa = PBXBuildFile; fileRef = 894CA2911D96150A0043D3D1 /* SIL Open Font License.txt */; };
		894CA29F1D96150A0043D3D1 /* SourceSansPro-Black.otf in Resources */ = {isa = PBXBuildFile; fileRef = 894CA2921D96150A0043D3D1 /* SourceSansPro-Black.otf */; };
		894CA2A01D96150A0043D3D1 /* SourceSansPro-BlackIt.otf in Resources */ = {isa = PBXBuildFile; fileRef = 894CA2931D96150A0043D3D1 /* SourceSansPro-BlackIt.otf */; };
		894CA2A11D96150A0043D3D1 /* SourceSansPro-Bold.otf in Resources */ = {isa = PBXBuildFile; fileRef = 894CA2941D96150A0043D3D1 /* SourceSansPro-Bold.otf */; };
		894CA2A21D96150A0043D3D1 /* SourceSansPro-BoldIt.otf in Resources */ = {isa = PBXBuildFile; fileRef = 894CA2951D96150A0043D3D1 /* SourceSansPro-BoldIt.otf */; };
		894CA2A31D96150A0043D3D1 /* SourceSansPro-ExtraLight.otf in Resources */ = {isa = PBXBuildFile; fileRef = 894CA2961D96150A0043D3D1 /* SourceSansPro-ExtraLight.otf */; };
		894CA2A41D96150A0043D3D1 /* SourceSansPro-ExtraLightIt.otf in Resources */ = {isa = PBXBuildFile; fileRef = 894CA2971D96150A0043D3D1 /* SourceSansPro-ExtraLightIt.otf */; };
		894CA2A51D96150A0043D3D1 /* SourceSansPro-It.otf in Resources */ = {isa = PBXBuildFile; fileRef = 894CA2981D96150A0043D3D1 /* SourceSansPro-It.otf */; };
		894CA2A61D96150A0043D3D1 /* SourceSansPro-Light.otf in Resources */ = {isa = PBXBuildFile; fileRef = 894CA2991D96150A0043D3D1 /* SourceSansPro-Light.otf */; };
		894CA2A71D96150A0043D3D1 /* SourceSansPro-LightIt.otf in Resources */ = {isa = PBXBuildFile; fileRef = 894CA29A1D96150A0043D3D1 /* SourceSansPro-LightIt.otf */; };
		894CA2A81D96150A0043D3D1 /* SourceSansPro-Regular.otf in Resources */ = {isa = PBXBuildFile; fileRef = 894CA29B1D96150A0043D3D1 /* SourceSansPro-Regular.otf */; };
		894CA2A91D96150A0043D3D1 /* SourceSansPro-Semibold.otf in Resources */ = {isa = PBXBuildFile; fileRef = 894CA29C1D96150A0043D3D1 /* SourceSansPro-Semibold.otf */; };
		894CA2AA1D96150A0043D3D1 /* SourceSansPro-SemiboldIt.otf in Resources */ = {isa = PBXBuildFile; fileRef = 894CA29D1D96150A0043D3D1 /* SourceSansPro-SemiboldIt.otf */; };
		894F8B811D95673800B3E936 /* SummaryDetailsCell.xib in Resources */ = {isa = PBXBuildFile; fileRef = 894F8B801D95673800B3E936 /* SummaryDetailsCell.xib */; };
		8951D52F1DB08BF5005D101A /* CricketFanViewController.swift in Sources */ = {isa = PBXBuildFile; fileRef = 8951D52E1DB08BF5005D101A /* CricketFanViewController.swift */; };
		895376921DAB846800DDB3A6 /* FriendRequestsCell.xib in Resources */ = {isa = PBXBuildFile; fileRef = 895376911DAB846800DDB3A6 /* FriendRequestsCell.xib */; };
		895376981DAB865B00DDB3A6 /* FriendRequestsCell.swift in Sources */ = {isa = PBXBuildFile; fileRef = 895376971DAB865B00DDB3A6 /* FriendRequestsCell.swift */; };
		8953769A1DAB8BF200DDB3A6 /* FriendSuggestionsCell.xib in Resources */ = {isa = PBXBuildFile; fileRef = 895376991DAB8BF200DDB3A6 /* FriendSuggestionsCell.xib */; };
		8953769C1DAB8C8E00DDB3A6 /* FriendSuggestionsCell.swift in Sources */ = {isa = PBXBuildFile; fileRef = 8953769B1DAB8C8E00DDB3A6 /* FriendSuggestionsCell.swift */; };
		895522691D5F0052008F3760 /* country-states.plist in Resources */ = {isa = PBXBuildFile; fileRef = 895522681D5F0052008F3760 /* country-states.plist */; };
		8955DA2B1E0ED13A00891937 /* NewPostViewController.swift in Sources */ = {isa = PBXBuildFile; fileRef = 8955DA2A1E0ED13A00891937 /* NewPostViewController.swift */; };
		8955DA2D1E0ED1B200891937 /* PostSendable.swift in Sources */ = {isa = PBXBuildFile; fileRef = 8955DA2C1E0ED1B200891937 /* PostSendable.swift */; };
		895BC3CC1E266B500033D330 /* StaticPageViewController.swift in Sources */ = {isa = PBXBuildFile; fileRef = 895BC3CB1E266B500033D330 /* StaticPageViewController.swift */; };
		895E04011D5CCEDE002E322E /* FriendRequestsViewController.swift in Sources */ = {isa = PBXBuildFile; fileRef = 895E04001D5CCEDE002E322E /* FriendRequestsViewController.swift */; };
		895E04031D5CD134002E322E /* FriendRequestsTableViewCell.swift in Sources */ = {isa = PBXBuildFile; fileRef = 895E04021D5CD134002E322E /* FriendRequestsTableViewCell.swift */; };
		895E04051D5CE24B002E322E /* FriendSearchViewController.swift in Sources */ = {isa = PBXBuildFile; fileRef = 895E04041D5CE24B002E322E /* FriendSearchViewController.swift */; };
		895E04071D5CE283002E322E /* FriendSuggestViewController.swift in Sources */ = {isa = PBXBuildFile; fileRef = 895E04061D5CE283002E322E /* FriendSuggestViewController.swift */; };
		895E04091D5CE33E002E322E /* FriendBaseViewController.swift in Sources */ = {isa = PBXBuildFile; fileRef = 895E04081D5CE33E002E322E /* FriendBaseViewController.swift */; };
		8962F89F1D4666E0008D1AC3 /* Images.xcassets in Resources */ = {isa = PBXBuildFile; fileRef = 8962F89E1D4666E0008D1AC3 /* Images.xcassets */; };
		896407CE1DA7FE51002212EB /* SplashScreenViewController.swift in Sources */ = {isa = PBXBuildFile; fileRef = 896407CD1DA7FE51002212EB /* SplashScreenViewController.swift */; };
		897194CB1DA34DFD00478F82 /* AddMatchDetailsViewController.swift in Sources */ = {isa = PBXBuildFile; fileRef = 897194CA1DA34DFD00478F82 /* AddMatchDetailsViewController.swift */; };
		897C414C1E21FD4B005F1231 /* ReceivedFriendRequest.swift in Sources */ = {isa = PBXBuildFile; fileRef = 897C414B1E21FD4B005F1231 /* ReceivedFriendRequest.swift */; };
		897C414E1E21FF16005F1231 /* SentFriendRequest.swift in Sources */ = {isa = PBXBuildFile; fileRef = 897C414D1E21FF16005F1231 /* SentFriendRequest.swift */; };
		897C41501E21FFA4005F1231 /* Friends.swift in Sources */ = {isa = PBXBuildFile; fileRef = 897C414F1E21FFA4005F1231 /* Friends.swift */; };
		89836C5E1E08081D00ABDCA9 /* ProfileReadOnlyViewController.swift in Sources */ = {isa = PBXBuildFile; fileRef = 89836C5D1E08081D00ABDCA9 /* ProfileReadOnlyViewController.swift */; };
		898786431E18BAFD008967AD /* MatchSummaryData.swift in Sources */ = {isa = PBXBuildFile; fileRef = 898786421E18BAFD008967AD /* MatchSummaryData.swift */; };
		899206241D61BA0700F99A97 /* FriendsViewController.swift in Sources */ = {isa = PBXBuildFile; fileRef = 899206231D61BA0700F99A97 /* FriendsViewController.swift */; };
		899206261D61BA6700F99A97 /* FriendsInviteViewController.swift in Sources */ = {isa = PBXBuildFile; fileRef = 899206251D61BA6700F99A97 /* FriendsInviteViewController.swift */; };
		8997D56C1DBCFCA000F201B6 /* CurrentTeamsTableViewCell.swift in Sources */ = {isa = PBXBuildFile; fileRef = 8997D56B1DBCFCA000F201B6 /* CurrentTeamsTableViewCell.swift */; };
		8997D56E1DBD21BC00F201B6 /* ThemeColorsCollectionViewCell.swift in Sources */ = {isa = PBXBuildFile; fileRef = 8997D56D1DBD21BC00F201B6 /* ThemeColorsCollectionViewCell.swift */; };
		89AB5D461D95839C00AA3481 /* SummaryDetailsCell.swift in Sources */ = {isa = PBXBuildFile; fileRef = 89AB5D451D95839C00AA3481 /* SummaryDetailsCell.swift */; };
		89ABEB1F1E5BD0D7006BC0BC /* GoogleService-Info-new.plist in Resources */ = {isa = PBXBuildFile; fileRef = 89ABEB1E1E5BD0D7006BC0BC /* GoogleService-Info-new.plist */; };
		89C8196C1D52362300291A7E /* POCViewController.swift in Sources */ = {isa = PBXBuildFile; fileRef = 89C8196B1D52362300291A7E /* POCViewController.swift */; };
		89C8196E1D52429500291A7E /* headerView.swift in Sources */ = {isa = PBXBuildFile; fileRef = 89C8196D1D52429500291A7E /* headerView.swift */; };
		89CC84FC1D43E4D6007F2402 /* SummaryMatchDetailsViewController.swift in Sources */ = {isa = PBXBuildFile; fileRef = 89CC84FB1D43E4D6007F2402 /* SummaryMatchDetailsViewController.swift */; };
		89D7D9D21DAFD97E0069D536 /* PlayerExperienceViewController.swift in Sources */ = {isa = PBXBuildFile; fileRef = 89D7D9D11DAFD97D0069D536 /* PlayerExperienceViewController.swift */; };
		89D7D9D41DAFEAB80069D536 /* CoachingExperienceViewController.swift in Sources */ = {isa = PBXBuildFile; fileRef = 89D7D9D31DAFEAB80069D536 /* CoachingExperienceViewController.swift */; };
		89E6084D1D6D4ADC00F6BD11 /* CTDataPicker.swift in Sources */ = {isa = PBXBuildFile; fileRef = 89E6084C1D6D4ADC00F6BD11 /* CTDataPicker.swift */; };
		89E83F7C1D4A5AD000232250 /* MenuTableViewCell.swift in Sources */ = {isa = PBXBuildFile; fileRef = 89E83F7B1D4A5AD000232250 /* MenuTableViewCell.swift */; };
		89F4E4B31D48FECD00EFE46E /* summaryTableViewCell.swift in Sources */ = {isa = PBXBuildFile; fileRef = 89F4E4B21D48FECD00EFE46E /* summaryTableViewCell.swift */; };
		89F9911E1DDA1BEF00E5F440 /* UserDashboardViewController.swift in Sources */ = {isa = PBXBuildFile; fileRef = 89F9911D1DDA1BEF00E5F440 /* UserDashboardViewController.swift */; };
		89FD59C61D41C3AE003EF45C /* SF-UI-Text-Bold.otf in Resources */ = {isa = PBXBuildFile; fileRef = 89FD59C41D41C3AE003EF45C /* SF-UI-Text-Bold.otf */; };
		89FD59C71D41C3AE003EF45C /* SF-UI-Text-Regular.otf in Resources */ = {isa = PBXBuildFile; fileRef = 89FD59C51D41C3AE003EF45C /* SF-UI-Text-Regular.otf */; };
		B80B56091EB852220014FA9D /* CPostTableViewCell.swift in Sources */ = {isa = PBXBuildFile; fileRef = B80B56071EB852220014FA9D /* CPostTableViewCell.swift */; };
		B80B560A1EB852220014FA9D /* CPostTableViewCell.xib in Resources */ = {isa = PBXBuildFile; fileRef = B80B56081EB852220014FA9D /* CPostTableViewCell.xib */; };
		B80B560C1EB863020014FA9D /* NotificationTableViewCell.swift in Sources */ = {isa = PBXBuildFile; fileRef = B80B560B1EB863020014FA9D /* NotificationTableViewCell.swift */; };
		B80B560E1EB9C2C60014FA9D /* LikesViewController.swift in Sources */ = {isa = PBXBuildFile; fileRef = B80B560D1EB9C2C60014FA9D /* LikesViewController.swift */; };
		B80B56101EB9D1580014FA9D /* LikesTableViewCell.swift in Sources */ = {isa = PBXBuildFile; fileRef = B80B560F1EB9D1580014FA9D /* LikesTableViewCell.swift */; };
		B80B56121EC5AA3D0014FA9D /* Notifications.swift in Sources */ = {isa = PBXBuildFile; fileRef = B80B56111EC5AA3D0014FA9D /* Notifications.swift */; };
		E1B593691EB4E63A00C8A553 /* NotificationsViewController.swift in Sources */ = {isa = PBXBuildFile; fileRef = E1B593681EB4E63A00C8A553 /* NotificationsViewController.swift */; };
		F7856BE080406499CCB071C8 /* Pods_CricTrac.framework in Frameworks */ = {isa = PBXBuildFile; fileRef = DA2224284F64FAE77B7776D9 /* Pods_CricTrac.framework */; };
/* End PBXBuildFile section */

/* Begin PBXContainerItemProxy section */
		46C983A11D3922D200DFC607 /* PBXContainerItemProxy */ = {
			isa = PBXContainerItemProxy;
			containerPortal = 46C983841D3922D200DFC607 /* Project object */;
			proxyType = 1;
			remoteGlobalIDString = 46C9838B1D3922D200DFC607;
			remoteInfo = CricTrac;
		};
/* End PBXContainerItemProxy section */

/* Begin PBXFileReference section */
		4250D8B36CA8B27C78034A6A /* Pods-CricTrac.release.xcconfig */ = {isa = PBXFileReference; includeInIndex = 1; lastKnownFileType = text.xcconfig; name = "Pods-CricTrac.release.xcconfig"; path = "Pods/Target Support Files/Pods-CricTrac/Pods-CricTrac.release.xcconfig"; sourceTree = "<group>"; };
		44546ED81E7E5D7000FCF8E2 /* StoreKit.framework */ = {isa = PBXFileReference; lastKnownFileType = wrapper.framework; name = StoreKit.framework; path = System/Library/Frameworks/StoreKit.framework; sourceTree = SDKROOT; };
		460068901D6367CE007C9457 /* SuggestionView.swift */ = {isa = PBXFileReference; fileEncoding = 4; lastKnownFileType = sourcecode.swift; name = SuggestionView.swift; path = Other/SuggestionView.swift; sourceTree = "<group>"; };
		460068961D637638007C9457 /* SuggestionView.xib */ = {isa = PBXFileReference; fileEncoding = 4; lastKnownFileType = file.xib; name = SuggestionView.xib; path = Other/SuggestionView.xib; sourceTree = "<group>"; };
		460068981D638496007C9457 /* SuggestionCell.xib */ = {isa = PBXFileReference; fileEncoding = 4; lastKnownFileType = file.xib; name = SuggestionCell.xib; path = Other/SuggestionCell.xib; sourceTree = "<group>"; };
		4600689A1D638545007C9457 /* SuggestionCell.swift */ = {isa = PBXFileReference; fileEncoding = 4; lastKnownFileType = sourcecode.swift; name = SuggestionCell.swift; path = Other/SuggestionCell.swift; sourceTree = "<group>"; };
		4607A2631D54848A0090A5BD /* MatchViewController.swift */ = {isa = PBXFileReference; fileEncoding = 4; lastKnownFileType = sourcecode.swift; path = MatchViewController.swift; sourceTree = "<group>"; };
		461F5A5E1DE136D600B4616F /* Theme.swift */ = {isa = PBXFileReference; fileEncoding = 4; lastKnownFileType = sourcecode.swift; path = Theme.swift; sourceTree = "<group>"; };
		462DE9F61D478B9E00E31E8F /* CTDatePicker.swift */ = {isa = PBXFileReference; fileEncoding = 4; lastKnownFileType = sourcecode.swift; name = CTDatePicker.swift; path = utility/CTDatePicker.swift; sourceTree = "<group>"; };
		4633C9981DE996740062877C /* GoogleService-Info.plist */ = {isa = PBXFileReference; fileEncoding = 4; lastKnownFileType = text.plist.xml; path = "GoogleService-Info.plist"; sourceTree = "<group>"; };
		4642DAA41D5039DD001F039D /* LoginViewController.swift */ = {isa = PBXFileReference; fileEncoding = 4; lastKnownFileType = sourcecode.swift; path = LoginViewController.swift; sourceTree = "<group>"; };
		4657D55F1D4992D7009E0FBE /* Constants.swift */ = {isa = PBXFileReference; fileEncoding = 4; lastKnownFileType = sourcecode.swift; name = Constants.swift; path = Other/Constants.swift; sourceTree = "<group>"; };
		4657D5651D499FDD009E0FBE /* SliderMenuViewController.swift */ = {isa = PBXFileReference; fileEncoding = 4; lastKnownFileType = sourcecode.swift; name = SliderMenuViewController.swift; path = Controller/SliderMenuViewController.swift; sourceTree = "<group>"; };
		4657D5671D49A060009E0FBE /* SliderMenuCell.swift */ = {isa = PBXFileReference; fileEncoding = 4; lastKnownFileType = sourcecode.swift; name = SliderMenuCell.swift; path = View/SliderMenuCell.swift; sourceTree = "<group>"; };
		4657D56B1D4DA4E7009E0FBE /* Enums.swift */ = {isa = PBXFileReference; fileEncoding = 4; lastKnownFileType = sourcecode.swift; name = Enums.swift; path = Other/Enums.swift; sourceTree = "<group>"; };
		4668E4C21D676E0600E36CB0 /* XMExpandableTableView.framework */ = {isa = PBXFileReference; lastKnownFileType = wrapper.framework; name = XMExpandableTableView.framework; path = "../../../../Library/Developer/Xcode/DerivedData/CricTrac-drlumagwxucovddcfimsbubojjfq/Build/Products/Debug-iphonesimulator/XMExpandableTableView/XMExpandableTableView.framework"; sourceTree = "<group>"; };
		4668E4CA1D68110500E36CB0 /* MatchSummaryViewController.swift */ = {isa = PBXFileReference; fileEncoding = 4; lastKnownFileType = sourcecode.swift; name = MatchSummaryViewController.swift; path = Controller/MatchSummaryViewController.swift; sourceTree = "<group>"; };
		466AD3F91D7A869B0033289C /* NewMatchParent.swift */ = {isa = PBXFileReference; fileEncoding = 4; lastKnownFileType = sourcecode.swift; name = NewMatchParent.swift; path = Other/NewMatchParent.swift; sourceTree = "<group>"; };
		466AD3FB1D7A8EC10033289C /* CTPicker.swift */ = {isa = PBXFileReference; fileEncoding = 4; lastKnownFileType = sourcecode.swift; name = CTPicker.swift; path = utility/CTPicker.swift; sourceTree = "<group>"; };
		46ACE0C41E0FA744004118A4 /* CommentsViewController.swift */ = {isa = PBXFileReference; fileEncoding = 4; lastKnownFileType = sourcecode.swift; path = CommentsViewController.swift; sourceTree = "<group>"; };
		46ACE0C61E0FF625004118A4 /* CommentTableViewCell.swift */ = {isa = PBXFileReference; fileEncoding = 4; lastKnownFileType = sourcecode.swift; name = CommentTableViewCell.swift; path = View/CommentTableViewCell.swift; sourceTree = "<group>"; };
		46AE388E1DE4761E00FB9E23 /* NewPostViewController.swift */ = {isa = PBXFileReference; fileEncoding = 4; lastKnownFileType = sourcecode.swift; name = NewPostViewController.swift; path = Controller/NewPostViewController.swift; sourceTree = "<group>"; };
		46B0D66A1D8B881500C93247 /* TimeLineViewController.swift */ = {isa = PBXFileReference; fileEncoding = 4; lastKnownFileType = sourcecode.swift; name = TimeLineViewController.swift; path = Controller/TimeLineViewController.swift; sourceTree = "<group>"; };
		46B6086F1D44A7D3000FE098 /* NewMatchViewController.swift */ = {isa = PBXFileReference; fileEncoding = 4; lastKnownFileType = sourcecode.swift; name = NewMatchViewController.swift; path = Controller/NewMatchViewController.swift; sourceTree = "<group>"; };
		46C9838C1D3922D200DFC607 /* CricTrac.app */ = {isa = PBXFileReference; explicitFileType = wrapper.application; includeInIndex = 0; path = CricTrac.app; sourceTree = BUILT_PRODUCTS_DIR; };
		46C9838F1D3922D200DFC607 /* AppDelegate.swift */ = {isa = PBXFileReference; lastKnownFileType = sourcecode.swift; path = AppDelegate.swift; sourceTree = "<group>"; };
		46C983961D3922D200DFC607 /* App.xcassets */ = {isa = PBXFileReference; lastKnownFileType = folder.assetcatalog; path = App.xcassets; sourceTree = "<group>"; };
		46C983991D3922D200DFC607 /* Base */ = {isa = PBXFileReference; lastKnownFileType = file.storyboard; name = Base; path = Base.lproj/LaunchScreen.storyboard; sourceTree = "<group>"; };
		46C9839B1D3922D200DFC607 /* Info.plist */ = {isa = PBXFileReference; lastKnownFileType = text.plist.xml; path = Info.plist; sourceTree = "<group>"; };
		46C983A01D3922D200DFC607 /* CricTracTests.xctest */ = {isa = PBXFileReference; explicitFileType = wrapper.cfbundle; includeInIndex = 0; path = CricTracTests.xctest; sourceTree = BUILT_PRODUCTS_DIR; };
		46C983A41D3922D200DFC607 /* CricTracTests.swift */ = {isa = PBXFileReference; lastKnownFileType = sourcecode.swift; path = CricTracTests.swift; sourceTree = "<group>"; };
		46C983A61D3922D200DFC607 /* Info.plist */ = {isa = PBXFileReference; lastKnownFileType = text.plist.xml; path = Info.plist; sourceTree = "<group>"; };
		46C983B51D39D86800DFC607 /* performanceCell.swift */ = {isa = PBXFileReference; fileEncoding = 4; lastKnownFileType = sourcecode.swift; name = performanceCell.swift; path = View/performanceCell.swift; sourceTree = "<group>"; };
		46C983C11D4078EB00DFC607 /* utility.swift */ = {isa = PBXFileReference; fileEncoding = 4; lastKnownFileType = sourcecode.swift; name = utility.swift; path = utility/utility.swift; sourceTree = "<group>"; };
		46C983C31D40968300DFC607 /* Extentions.swift */ = {isa = PBXFileReference; fileEncoding = 4; lastKnownFileType = sourcecode.swift; path = Extentions.swift; sourceTree = "<group>"; };
		46CE472D1D7A787D00EA63E2 /* CTAlertViewController.swift */ = {isa = PBXFileReference; fileEncoding = 4; lastKnownFileType = sourcecode.swift; name = CTAlertViewController.swift; path = utility/CTAlertViewController.swift; sourceTree = "<group>"; };
		46DE32C31D900C9F0024CD82 /* AddPostTableViewCell.swift */ = {isa = PBXFileReference; fileEncoding = 4; lastKnownFileType = sourcecode.swift; name = AddPostTableViewCell.swift; path = View/AddPostTableViewCell.swift; sourceTree = "<group>"; };
		46DE32C41D900C9F0024CD82 /* AddPostTableViewCell.xib */ = {isa = PBXFileReference; fileEncoding = 4; lastKnownFileType = file.xib; name = AddPostTableViewCell.xib; path = View/AddPostTableViewCell.xib; sourceTree = "<group>"; };
		46DE32C91D90152F0024CD82 /* APostTableViewCell.swift */ = {isa = PBXFileReference; fileEncoding = 4; lastKnownFileType = sourcecode.swift; name = APostTableViewCell.swift; path = View/APostTableViewCell.swift; sourceTree = "<group>"; };
		46DE32CA1D90152F0024CD82 /* APostTableViewCell.xib */ = {isa = PBXFileReference; fileEncoding = 4; lastKnownFileType = file.xib; name = APostTableViewCell.xib; path = View/APostTableViewCell.xib; sourceTree = "<group>"; };
		46F25A021D5B1AAD001EBEF9 /* Service.swift */ = {isa = PBXFileReference; fileEncoding = 4; lastKnownFileType = sourcecode.swift; name = Service.swift; path = Other/Service.swift; sourceTree = "<group>"; };
		46F36E341D93801900EA9C6A /* ImagePostTableViewCell.swift */ = {isa = PBXFileReference; fileEncoding = 4; lastKnownFileType = sourcecode.swift; name = ImagePostTableViewCell.swift; path = View/ImagePostTableViewCell.swift; sourceTree = "<group>"; };
		46F36E351D93801900EA9C6A /* ImagePostTableViewCell.xib */ = {isa = PBXFileReference; fileEncoding = 4; lastKnownFileType = file.xib; name = ImagePostTableViewCell.xib; path = View/ImagePostTableViewCell.xib; sourceTree = "<group>"; };
		46FA41D31D6D3F68006635C6 /* MatchDetailsTrackable.swift */ = {isa = PBXFileReference; fileEncoding = 4; lastKnownFileType = sourcecode.swift; name = MatchDetailsTrackable.swift; path = Other/MatchDetailsTrackable.swift; sourceTree = "<group>"; };
		46FDA5BC1DD81D19008F2BC0 /* NetworkManager.swift */ = {isa = PBXFileReference; fileEncoding = 4; lastKnownFileType = sourcecode.swift; name = NetworkManager.swift; path = Other/NetworkManager.swift; sourceTree = "<group>"; };
		56129448097263DC6B1F40CF /* Pods-CricTrac.debug.xcconfig */ = {isa = PBXFileReference; includeInIndex = 1; lastKnownFileType = text.xcconfig; name = "Pods-CricTrac.debug.xcconfig"; path = "Pods/Target Support Files/Pods-CricTrac/Pods-CricTrac.debug.xcconfig"; sourceTree = "<group>"; };
		6783C11E1E67347D00DEDA55 /* HelperFunctions.swift */ = {isa = PBXFileReference; fileEncoding = 4; lastKnownFileType = sourcecode.swift; path = HelperFunctions.swift; sourceTree = "<group>"; };
		89067D721DAE9D120021F463 /* radioSelectView.swift */ = {isa = PBXFileReference; fileEncoding = 4; lastKnownFileType = sourcecode.swift; path = radioSelectView.swift; sourceTree = "<group>"; };
		89067D741DAEA89C0021F463 /* TransitionManager.swift */ = {isa = PBXFileReference; fileEncoding = 4; lastKnownFileType = sourcecode.swift; path = TransitionManager.swift; sourceTree = "<group>"; };
		8909FACA1DB9B49900066FC5 /* DoneButton.swift */ = {isa = PBXFileReference; fileEncoding = 4; lastKnownFileType = sourcecode.swift; path = DoneButton.swift; sourceTree = "<group>"; };
		890B42C61D60472C00736F03 /* CollapsibleTableViewCell.swift */ = {isa = PBXFileReference; fileEncoding = 4; lastKnownFileType = sourcecode.swift; path = CollapsibleTableViewCell.swift; sourceTree = "<group>"; };
		890CC72A1E162F73005D139A /* DashboardData.swift */ = {isa = PBXFileReference; fileEncoding = 4; lastKnownFileType = sourcecode.swift; path = DashboardData.swift; sourceTree = "<group>"; };
		890EA2F01DB92BD100FB40DB /* ForgotPasswordViewController.swift */ = {isa = PBXFileReference; fileEncoding = 4; lastKnownFileType = sourcecode.swift; path = ForgotPasswordViewController.swift; sourceTree = "<group>"; };
		89129C491D904F89009488FE /* LoginBaseViewController.swift */ = {isa = PBXFileReference; fileEncoding = 4; lastKnownFileType = sourcecode.swift; path = LoginBaseViewController.swift; sourceTree = "<group>"; };
		89129C4B1D90501B009488FE /* RegisterViewController.swift */ = {isa = PBXFileReference; fileEncoding = 4; lastKnownFileType = sourcecode.swift; path = RegisterViewController.swift; sourceTree = "<group>"; };
		8917AE231D94466900E6BC1A /* ThemeSettingsViewController.swift */ = {isa = PBXFileReference; fileEncoding = 4; lastKnownFileType = sourcecode.swift; path = ThemeSettingsViewController.swift; sourceTree = "<group>"; };
		891969C01EC20C120084AD32 /* TimelineComments.swift */ = {isa = PBXFileReference; fileEncoding = 4; lastKnownFileType = sourcecode.swift; path = TimelineComments.swift; sourceTree = "<group>"; };
		891B2AA41E7CDA6200F6B5BA /* FriendRequestCollectionViewCell.swift */ = {isa = PBXFileReference; fileEncoding = 4; lastKnownFileType = sourcecode.swift; path = FriendRequestCollectionViewCell.swift; sourceTree = "<group>"; };
		891B2AA61E7CE09800F6B5BA /* RequestsData.swift */ = {isa = PBXFileReference; fileEncoding = 4; lastKnownFileType = sourcecode.swift; path = RequestsData.swift; sourceTree = "<group>"; };
		8922042C1D97A3A6005F555B /* FriendsCell.xib */ = {isa = PBXFileReference; fileEncoding = 4; lastKnownFileType = file.xib; path = FriendsCell.xib; sourceTree = "<group>"; };
		8922042E1D97A7EC005F555B /* FriendsCell.swift */ = {isa = PBXFileReference; fileEncoding = 4; lastKnownFileType = sourcecode.swift; path = FriendsCell.swift; sourceTree = "<group>"; };
		892520B11E336044006946C0 /* CoachDashboardViewController.swift */ = {isa = PBXFileReference; fileEncoding = 4; lastKnownFileType = sourcecode.swift; path = CoachDashboardViewController.swift; sourceTree = "<group>"; };
		892520B31E3379E7006946C0 /* FanDashboardViewController.swift */ = {isa = PBXFileReference; fileEncoding = 4; lastKnownFileType = sourcecode.swift; path = FanDashboardViewController.swift; sourceTree = "<group>"; };
		892CE2D31D9EC126001E098E /* MatchResultsViewController.swift */ = {isa = PBXFileReference; fileEncoding = 4; lastKnownFileType = sourcecode.swift; path = MatchResultsViewController.swift; sourceTree = "<group>"; };
		892E1A961D3BC8D100EBF014 /* Base */ = {isa = PBXFileReference; lastKnownFileType = file.storyboard; name = Base; path = Base.lproj/Main.storyboard; sourceTree = "<group>"; };
		892EA67C1D58DEBE00BEE5A3 /* ProfileDetails.swift */ = {isa = PBXFileReference; fileEncoding = 4; lastKnownFileType = sourcecode.swift; name = ProfileDetails.swift; path = View/ProfileDetails.swift; sourceTree = "<group>"; };
		893041191D9E0C3B00F0E29C /* BattingBowlingViewController.swift */ = {isa = PBXFileReference; fileEncoding = 4; lastKnownFileType = sourcecode.swift; path = BattingBowlingViewController.swift; sourceTree = "<group>"; };
		8930F0331D5B5D4E00C7540B /* ProfileBaseViewController.swift */ = {isa = PBXFileReference; fileEncoding = 4; lastKnownFileType = sourcecode.swift; path = ProfileBaseViewController.swift; sourceTree = "<group>"; };
		8930F0351D5B5ED600C7540B /* UserInfoViewController.swift */ = {isa = PBXFileReference; fileEncoding = 4; lastKnownFileType = sourcecode.swift; path = UserInfoViewController.swift; sourceTree = "<group>"; };
		8930F0371D5B751500C7540B /* CTCountryPicker.swift */ = {isa = PBXFileReference; fileEncoding = 4; lastKnownFileType = sourcecode.swift; path = CTCountryPicker.swift; sourceTree = "<group>"; };
		8930F0391D5B824E00C7540B /* data.csv */ = {isa = PBXFileReference; fileEncoding = 4; lastKnownFileType = text; path = data.csv; sourceTree = "<group>"; };
		8930F03B1D5B94C300C7540B /* CTStatePicker.swift */ = {isa = PBXFileReference; fileEncoding = 4; lastKnownFileType = sourcecode.swift; path = CTStatePicker.swift; sourceTree = "<group>"; };
		89358AF91E19773E00A1A6F0 /* SettingsViewCell.swift */ = {isa = PBXFileReference; fileEncoding = 4; lastKnownFileType = sourcecode.swift; path = SettingsViewCell.swift; sourceTree = "<group>"; };
		89358AFA1E19773E00A1A6F0 /* SettingsViewCell.xib */ = {isa = PBXFileReference; fileEncoding = 4; lastKnownFileType = file.xib; path = SettingsViewCell.xib; sourceTree = "<group>"; };
		89358AFD1E197B4800A1A6F0 /* SettingsViewController.swift */ = {isa = PBXFileReference; fileEncoding = 4; lastKnownFileType = sourcecode.swift; path = SettingsViewController.swift; sourceTree = "<group>"; };
		8935ADC31D3E640900607C9D /* CricTrac-Bridging-Header.h */ = {isa = PBXFileReference; lastKnownFileType = sourcecode.c.h; path = "CricTrac-Bridging-Header.h"; sourceTree = "<group>"; };
		893823B31E113ACE00BCD0CD /* SliderMenuViewCell.swift */ = {isa = PBXFileReference; fileEncoding = 4; lastKnownFileType = sourcecode.swift; path = SliderMenuViewCell.swift; sourceTree = "<group>"; };
		893823B51E113AE000BCD0CD /* SliderMenuViewCell.xib */ = {isa = PBXFileReference; fileEncoding = 4; lastKnownFileType = file.xib; path = SliderMenuViewCell.xib; sourceTree = "<group>"; };
		893DAD491DB660AC00CC1875 /* Profile.swift */ = {isa = PBXFileReference; fileEncoding = 4; lastKnownFileType = sourcecode.swift; path = Profile.swift; sourceTree = "<group>"; };
		893E9EA01DB2629C00D63AB8 /* MenuTransitionOperator.swift */ = {isa = PBXFileReference; fileEncoding = 4; lastKnownFileType = sourcecode.swift; path = MenuTransitionOperator.swift; sourceTree = "<group>"; };
		894624FF1E1580E700FE79C2 /* TeamCollectionViewCell.swift */ = {isa = PBXFileReference; fileEncoding = 4; lastKnownFileType = sourcecode.swift; path = TeamCollectionViewCell.swift; sourceTree = "<group>"; };
		894CA2911D96150A0043D3D1 /* SIL Open Font License.txt */ = {isa = PBXFileReference; fileEncoding = 4; lastKnownFileType = text; path = "SIL Open Font License.txt"; sourceTree = "<group>"; };
		894CA2921D96150A0043D3D1 /* SourceSansPro-Black.otf */ = {isa = PBXFileReference; lastKnownFileType = file; path = "SourceSansPro-Black.otf"; sourceTree = "<group>"; };
		894CA2931D96150A0043D3D1 /* SourceSansPro-BlackIt.otf */ = {isa = PBXFileReference; lastKnownFileType = file; path = "SourceSansPro-BlackIt.otf"; sourceTree = "<group>"; };
		894CA2941D96150A0043D3D1 /* SourceSansPro-Bold.otf */ = {isa = PBXFileReference; lastKnownFileType = file; path = "SourceSansPro-Bold.otf"; sourceTree = "<group>"; };
		894CA2951D96150A0043D3D1 /* SourceSansPro-BoldIt.otf */ = {isa = PBXFileReference; lastKnownFileType = file; path = "SourceSansPro-BoldIt.otf"; sourceTree = "<group>"; };
		894CA2961D96150A0043D3D1 /* SourceSansPro-ExtraLight.otf */ = {isa = PBXFileReference; lastKnownFileType = file; path = "SourceSansPro-ExtraLight.otf"; sourceTree = "<group>"; };
		894CA2971D96150A0043D3D1 /* SourceSansPro-ExtraLightIt.otf */ = {isa = PBXFileReference; lastKnownFileType = file; path = "SourceSansPro-ExtraLightIt.otf"; sourceTree = "<group>"; };
		894CA2981D96150A0043D3D1 /* SourceSansPro-It.otf */ = {isa = PBXFileReference; lastKnownFileType = file; path = "SourceSansPro-It.otf"; sourceTree = "<group>"; };
		894CA2991D96150A0043D3D1 /* SourceSansPro-Light.otf */ = {isa = PBXFileReference; lastKnownFileType = file; path = "SourceSansPro-Light.otf"; sourceTree = "<group>"; };
		894CA29A1D96150A0043D3D1 /* SourceSansPro-LightIt.otf */ = {isa = PBXFileReference; lastKnownFileType = file; path = "SourceSansPro-LightIt.otf"; sourceTree = "<group>"; };
		894CA29B1D96150A0043D3D1 /* SourceSansPro-Regular.otf */ = {isa = PBXFileReference; lastKnownFileType = file; path = "SourceSansPro-Regular.otf"; sourceTree = "<group>"; };
		894CA29C1D96150A0043D3D1 /* SourceSansPro-Semibold.otf */ = {isa = PBXFileReference; lastKnownFileType = file; path = "SourceSansPro-Semibold.otf"; sourceTree = "<group>"; };
		894CA29D1D96150A0043D3D1 /* SourceSansPro-SemiboldIt.otf */ = {isa = PBXFileReference; lastKnownFileType = file; path = "SourceSansPro-SemiboldIt.otf"; sourceTree = "<group>"; };
		894F8B801D95673800B3E936 /* SummaryDetailsCell.xib */ = {isa = PBXFileReference; fileEncoding = 4; lastKnownFileType = file.xib; path = SummaryDetailsCell.xib; sourceTree = "<group>"; };
		8951D52E1DB08BF5005D101A /* CricketFanViewController.swift */ = {isa = PBXFileReference; fileEncoding = 4; lastKnownFileType = sourcecode.swift; path = CricketFanViewController.swift; sourceTree = "<group>"; };
		895376911DAB846800DDB3A6 /* FriendRequestsCell.xib */ = {isa = PBXFileReference; fileEncoding = 4; lastKnownFileType = file.xib; path = FriendRequestsCell.xib; sourceTree = "<group>"; };
		895376971DAB865B00DDB3A6 /* FriendRequestsCell.swift */ = {isa = PBXFileReference; fileEncoding = 4; lastKnownFileType = sourcecode.swift; path = FriendRequestsCell.swift; sourceTree = "<group>"; };
		895376991DAB8BF200DDB3A6 /* FriendSuggestionsCell.xib */ = {isa = PBXFileReference; fileEncoding = 4; lastKnownFileType = file.xib; path = FriendSuggestionsCell.xib; sourceTree = "<group>"; };
		8953769B1DAB8C8E00DDB3A6 /* FriendSuggestionsCell.swift */ = {isa = PBXFileReference; fileEncoding = 4; lastKnownFileType = sourcecode.swift; path = FriendSuggestionsCell.swift; sourceTree = "<group>"; };
		895522681D5F0052008F3760 /* country-states.plist */ = {isa = PBXFileReference; fileEncoding = 4; lastKnownFileType = text.plist.xml; path = "country-states.plist"; sourceTree = "<group>"; };
		8955DA2A1E0ED13A00891937 /* NewPostViewController.swift */ = {isa = PBXFileReference; fileEncoding = 4; lastKnownFileType = sourcecode.swift; name = NewPostViewController.swift; path = Controller/NewPostViewController.swift; sourceTree = "<group>"; };
		8955DA2C1E0ED1B200891937 /* PostSendable.swift */ = {isa = PBXFileReference; fileEncoding = 4; lastKnownFileType = sourcecode.swift; name = PostSendable.swift; path = Other/PostSendable.swift; sourceTree = "<group>"; };
		895BC3CB1E266B500033D330 /* StaticPageViewController.swift */ = {isa = PBXFileReference; fileEncoding = 4; lastKnownFileType = sourcecode.swift; path = StaticPageViewController.swift; sourceTree = "<group>"; };
		895E04001D5CCEDE002E322E /* FriendRequestsViewController.swift */ = {isa = PBXFileReference; fileEncoding = 4; lastKnownFileType = sourcecode.swift; path = FriendRequestsViewController.swift; sourceTree = "<group>"; };
		895E04021D5CD134002E322E /* FriendRequestsTableViewCell.swift */ = {isa = PBXFileReference; fileEncoding = 4; lastKnownFileType = sourcecode.swift; path = FriendRequestsTableViewCell.swift; sourceTree = "<group>"; };
		895E04041D5CE24B002E322E /* FriendSearchViewController.swift */ = {isa = PBXFileReference; fileEncoding = 4; lastKnownFileType = sourcecode.swift; path = FriendSearchViewController.swift; sourceTree = "<group>"; };
		895E04061D5CE283002E322E /* FriendSuggestViewController.swift */ = {isa = PBXFileReference; fileEncoding = 4; lastKnownFileType = sourcecode.swift; path = FriendSuggestViewController.swift; sourceTree = "<group>"; };
		895E04081D5CE33E002E322E /* FriendBaseViewController.swift */ = {isa = PBXFileReference; fileEncoding = 4; lastKnownFileType = sourcecode.swift; path = FriendBaseViewController.swift; sourceTree = "<group>"; };
		8962F89E1D4666E0008D1AC3 /* Images.xcassets */ = {isa = PBXFileReference; lastKnownFileType = folder.assetcatalog; path = Images.xcassets; sourceTree = "<group>"; };
		896407CD1DA7FE51002212EB /* SplashScreenViewController.swift */ = {isa = PBXFileReference; fileEncoding = 4; lastKnownFileType = sourcecode.swift; path = SplashScreenViewController.swift; sourceTree = "<group>"; };
		897194CA1DA34DFD00478F82 /* AddMatchDetailsViewController.swift */ = {isa = PBXFileReference; fileEncoding = 4; lastKnownFileType = sourcecode.swift; path = AddMatchDetailsViewController.swift; sourceTree = "<group>"; };
		897C414B1E21FD4B005F1231 /* ReceivedFriendRequest.swift */ = {isa = PBXFileReference; fileEncoding = 4; lastKnownFileType = sourcecode.swift; path = ReceivedFriendRequest.swift; sourceTree = "<group>"; };
		897C414D1E21FF16005F1231 /* SentFriendRequest.swift */ = {isa = PBXFileReference; fileEncoding = 4; lastKnownFileType = sourcecode.swift; path = SentFriendRequest.swift; sourceTree = "<group>"; };
		897C414F1E21FFA4005F1231 /* Friends.swift */ = {isa = PBXFileReference; fileEncoding = 4; lastKnownFileType = sourcecode.swift; path = Friends.swift; sourceTree = "<group>"; };
		89836C5D1E08081D00ABDCA9 /* ProfileReadOnlyViewController.swift */ = {isa = PBXFileReference; fileEncoding = 4; lastKnownFileType = sourcecode.swift; path = ProfileReadOnlyViewController.swift; sourceTree = "<group>"; };
		898786421E18BAFD008967AD /* MatchSummaryData.swift */ = {isa = PBXFileReference; fileEncoding = 4; lastKnownFileType = sourcecode.swift; path = MatchSummaryData.swift; sourceTree = "<group>"; };
		899206231D61BA0700F99A97 /* FriendsViewController.swift */ = {isa = PBXFileReference; fileEncoding = 4; lastKnownFileType = sourcecode.swift; path = FriendsViewController.swift; sourceTree = "<group>"; };
		899206251D61BA6700F99A97 /* FriendsInviteViewController.swift */ = {isa = PBXFileReference; fileEncoding = 4; lastKnownFileType = sourcecode.swift; path = FriendsInviteViewController.swift; sourceTree = "<group>"; };
		8997D56B1DBCFCA000F201B6 /* CurrentTeamsTableViewCell.swift */ = {isa = PBXFileReference; fileEncoding = 4; lastKnownFileType = sourcecode.swift; path = CurrentTeamsTableViewCell.swift; sourceTree = "<group>"; };
		8997D56D1DBD21BC00F201B6 /* ThemeColorsCollectionViewCell.swift */ = {isa = PBXFileReference; fileEncoding = 4; lastKnownFileType = sourcecode.swift; path = ThemeColorsCollectionViewCell.swift; sourceTree = "<group>"; };
		89AB5D451D95839C00AA3481 /* SummaryDetailsCell.swift */ = {isa = PBXFileReference; fileEncoding = 4; lastKnownFileType = sourcecode.swift; path = SummaryDetailsCell.swift; sourceTree = "<group>"; };
		89ABEB1E1E5BD0D7006BC0BC /* GoogleService-Info-new.plist */ = {isa = PBXFileReference; fileEncoding = 4; lastKnownFileType = text.plist.xml; path = "GoogleService-Info-new.plist"; sourceTree = "<group>"; };
		89C8196B1D52362300291A7E /* POCViewController.swift */ = {isa = PBXFileReference; fileEncoding = 4; lastKnownFileType = sourcecode.swift; path = POCViewController.swift; sourceTree = "<group>"; };
		89C8196D1D52429500291A7E /* headerView.swift */ = {isa = PBXFileReference; fileEncoding = 4; lastKnownFileType = sourcecode.swift; path = headerView.swift; sourceTree = "<group>"; };
		89CC84FB1D43E4D6007F2402 /* SummaryMatchDetailsViewController.swift */ = {isa = PBXFileReference; fileEncoding = 4; lastKnownFileType = sourcecode.swift; path = SummaryMatchDetailsViewController.swift; sourceTree = "<group>"; };
		89D7D9D11DAFD97D0069D536 /* PlayerExperienceViewController.swift */ = {isa = PBXFileReference; fileEncoding = 4; lastKnownFileType = sourcecode.swift; path = PlayerExperienceViewController.swift; sourceTree = "<group>"; };
		89D7D9D31DAFEAB80069D536 /* CoachingExperienceViewController.swift */ = {isa = PBXFileReference; fileEncoding = 4; lastKnownFileType = sourcecode.swift; path = CoachingExperienceViewController.swift; sourceTree = "<group>"; };
		89E6084C1D6D4ADC00F6BD11 /* CTDataPicker.swift */ = {isa = PBXFileReference; fileEncoding = 4; lastKnownFileType = sourcecode.swift; path = CTDataPicker.swift; sourceTree = "<group>"; };
		89E83F7B1D4A5AD000232250 /* MenuTableViewCell.swift */ = {isa = PBXFileReference; fileEncoding = 4; lastKnownFileType = sourcecode.swift; path = MenuTableViewCell.swift; sourceTree = "<group>"; };
		89F4E4B21D48FECD00EFE46E /* summaryTableViewCell.swift */ = {isa = PBXFileReference; fileEncoding = 4; lastKnownFileType = sourcecode.swift; path = summaryTableViewCell.swift; sourceTree = "<group>"; };
		89F9911D1DDA1BEF00E5F440 /* UserDashboardViewController.swift */ = {isa = PBXFileReference; fileEncoding = 4; lastKnownFileType = sourcecode.swift; path = UserDashboardViewController.swift; sourceTree = "<group>"; };
		89FD59C41D41C3AE003EF45C /* SF-UI-Text-Bold.otf */ = {isa = PBXFileReference; lastKnownFileType = file; path = "SF-UI-Text-Bold.otf"; sourceTree = "<group>"; };
		89FD59C51D41C3AE003EF45C /* SF-UI-Text-Regular.otf */ = {isa = PBXFileReference; lastKnownFileType = file; path = "SF-UI-Text-Regular.otf"; sourceTree = "<group>"; };
		B80B56071EB852220014FA9D /* CPostTableViewCell.swift */ = {isa = PBXFileReference; fileEncoding = 4; lastKnownFileType = sourcecode.swift; path = CPostTableViewCell.swift; sourceTree = "<group>"; };
		B80B56081EB852220014FA9D /* CPostTableViewCell.xib */ = {isa = PBXFileReference; fileEncoding = 4; lastKnownFileType = file.xib; path = CPostTableViewCell.xib; sourceTree = "<group>"; };
		B80B560B1EB863020014FA9D /* NotificationTableViewCell.swift */ = {isa = PBXFileReference; fileEncoding = 4; lastKnownFileType = sourcecode.swift; path = NotificationTableViewCell.swift; sourceTree = "<group>"; };
		B80B560D1EB9C2C60014FA9D /* LikesViewController.swift */ = {isa = PBXFileReference; fileEncoding = 4; lastKnownFileType = sourcecode.swift; path = LikesViewController.swift; sourceTree = "<group>"; };
		B80B560F1EB9D1580014FA9D /* LikesTableViewCell.swift */ = {isa = PBXFileReference; fileEncoding = 4; lastKnownFileType = sourcecode.swift; path = LikesTableViewCell.swift; sourceTree = "<group>"; };
		B80B56111EC5AA3D0014FA9D /* Notifications.swift */ = {isa = PBXFileReference; fileEncoding = 4; lastKnownFileType = sourcecode.swift; path = Notifications.swift; sourceTree = "<group>"; };
		DA2224284F64FAE77B7776D9 /* Pods_CricTrac.framework */ = {isa = PBXFileReference; explicitFileType = wrapper.framework; includeInIndex = 0; path = Pods_CricTrac.framework; sourceTree = BUILT_PRODUCTS_DIR; };
		E1B593681EB4E63A00C8A553 /* NotificationsViewController.swift */ = {isa = PBXFileReference; fileEncoding = 4; lastKnownFileType = sourcecode.swift; path = NotificationsViewController.swift; sourceTree = "<group>"; };
/* End PBXFileReference section */

/* Begin PBXFrameworksBuildPhase section */
		46C983891D3922D200DFC607 /* Frameworks */ = {
			isa = PBXFrameworksBuildPhase;
			buildActionMask = 2147483647;
			files = (
				44546ED91E7E5D7000FCF8E2 /* StoreKit.framework in Frameworks */,
				F7856BE080406499CCB071C8 /* Pods_CricTrac.framework in Frameworks */,
			);
			runOnlyForDeploymentPostprocessing = 0;
		};
		46C9839D1D3922D200DFC607 /* Frameworks */ = {
			isa = PBXFrameworksBuildPhase;
			buildActionMask = 2147483647;
			files = (
			);
			runOnlyForDeploymentPostprocessing = 0;
		};
/* End PBXFrameworksBuildPhase section */

/* Begin PBXGroup section */
		0C967E7B250913E6D7917E87 /* Frameworks */ = {
			isa = PBXGroup;
			children = (
				44546ED81E7E5D7000FCF8E2 /* StoreKit.framework */,
				4668E4C21D676E0600E36CB0 /* XMExpandableTableView.framework */,
				DA2224284F64FAE77B7776D9 /* Pods_CricTrac.framework */,
			);
			name = Frameworks;
			sourceTree = "<group>";
		};
		461F5A5D1DE136A000B4616F /* Theme */ = {
			isa = PBXGroup;
			children = (
				461F5A5E1DE136D600B4616F /* Theme.swift */,
			);
			name = Theme;
			sourceTree = "<group>";
		};
		4657D55E1D4992B1009E0FBE /* Constants */ = {
			isa = PBXGroup;
			children = (
				4657D55F1D4992D7009E0FBE /* Constants.swift */,
				4657D56B1D4DA4E7009E0FBE /* Enums.swift */,
				6783C11E1E67347D00DEDA55 /* HelperFunctions.swift */,
			);
			name = Constants;
			sourceTree = "<group>";
		};
		466DB86B1D63660800EFB775 /* Suggestion */ = {
			isa = PBXGroup;
			children = (
				460068901D6367CE007C9457 /* SuggestionView.swift */,
				460068961D637638007C9457 /* SuggestionView.xib */,
				460068981D638496007C9457 /* SuggestionCell.xib */,
				4600689A1D638545007C9457 /* SuggestionCell.swift */,
			);
			name = Suggestion;
			sourceTree = "<group>";
		};
		46C983831D3922D200DFC607 = {
			isa = PBXGroup;
			children = (
				89ABEB1E1E5BD0D7006BC0BC /* GoogleService-Info-new.plist */,
				4633C9981DE996740062877C /* GoogleService-Info.plist */,
				46C9838E1D3922D200DFC607 /* CricTrac */,
				46C983A31D3922D200DFC607 /* CricTracTests */,
				46C9838D1D3922D200DFC607 /* Products */,
				0C967E7B250913E6D7917E87 /* Frameworks */,
				8935ADC31D3E640900607C9D /* CricTrac-Bridging-Header.h */,
				4FB02154703680C0C767690F /* Pods */,
			);
			sourceTree = "<group>";
		};
		46C9838D1D3922D200DFC607 /* Products */ = {
			isa = PBXGroup;
			children = (
				46C9838C1D3922D200DFC607 /* CricTrac.app */,
				46C983A01D3922D200DFC607 /* CricTracTests.xctest */,
			);
			name = Products;
			sourceTree = "<group>";
		};
		46C9838E1D3922D200DFC607 /* CricTrac */ = {
			isa = PBXGroup;
			children = (
				461F5A5D1DE136A000B4616F /* Theme */,
				893DAD481DB6608E00CC1875 /* Models */,
				46FA41D21D6D3F2F006635C6 /* Protocols */,
				4657D55E1D4992B1009E0FBE /* Constants */,
				46C983C01D4078B500DFC607 /* utility */,
				8958F5F51D392CCC0028D5AA /* Model */,
				8958F5F41D392CC50028D5AA /* Services */,
				8958F5F11D392B780028D5AA /* Controller */,
				8958F5F01D39298D0028D5AA /* View */,
				46C9838F1D3922D200DFC607 /* AppDelegate.swift */,
				46C983961D3922D200DFC607 /* App.xcassets */,
				46C9839B1D3922D200DFC607 /* Info.plist */,
				8962F89E1D4666E0008D1AC3 /* Images.xcassets */,
			);
			path = CricTrac;
			sourceTree = "<group>";
		};
		46C983A31D3922D200DFC607 /* CricTracTests */ = {
			isa = PBXGroup;
			children = (
				46C983A41D3922D200DFC607 /* CricTracTests.swift */,
				46C983A61D3922D200DFC607 /* Info.plist */,
			);
			path = CricTracTests;
			sourceTree = "<group>";
		};
		46C983C01D4078B500DFC607 /* utility */ = {
			isa = PBXGroup;
			children = (
				894CA2761D9614B30043D3D1 /* Fonts_SourceSansPro */,
				466DB86B1D63660800EFB775 /* Suggestion */,
				895522681D5F0052008F3760 /* country-states.plist */,
				8930F0391D5B824E00C7540B /* data.csv */,
				89FD59C41D41C3AE003EF45C /* SF-UI-Text-Bold.otf */,
				89FD59C51D41C3AE003EF45C /* SF-UI-Text-Regular.otf */,
				46C983C11D4078EB00DFC607 /* utility.swift */,
				46C983C31D40968300DFC607 /* Extentions.swift */,
				46CE472D1D7A787D00EA63E2 /* CTAlertViewController.swift */,
				466AD3FB1D7A8EC10033289C /* CTPicker.swift */,
				462DE9F61D478B9E00E31E8F /* CTDatePicker.swift */,
				8930F0371D5B751500C7540B /* CTCountryPicker.swift */,
				8930F03B1D5B94C300C7540B /* CTStatePicker.swift */,
				89E6084C1D6D4ADC00F6BD11 /* CTDataPicker.swift */,
				89067D741DAEA89C0021F463 /* TransitionManager.swift */,
				893E9EA01DB2629C00D63AB8 /* MenuTransitionOperator.swift */,
				8909FACA1DB9B49900066FC5 /* DoneButton.swift */,
			);
			name = utility;
			sourceTree = "<group>";
		};
		46FA41D21D6D3F2F006635C6 /* Protocols */ = {
			isa = PBXGroup;
			children = (
				8955DA2C1E0ED1B200891937 /* PostSendable.swift */,
				466AD3F91D7A869B0033289C /* NewMatchParent.swift */,
				46FA41D31D6D3F68006635C6 /* MatchDetailsTrackable.swift */,
			);
			name = Protocols;
			sourceTree = "<group>";
		};
		4FB02154703680C0C767690F /* Pods */ = {
			isa = PBXGroup;
			children = (
				56129448097263DC6B1F40CF /* Pods-CricTrac.debug.xcconfig */,
				4250D8B36CA8B27C78034A6A /* Pods-CricTrac.release.xcconfig */,
			);
			name = Pods;
			sourceTree = "<group>";
		};
		893DAD481DB6608E00CC1875 /* Models */ = {
			isa = PBXGroup;
			children = (
				B80B56111EC5AA3D0014FA9D /* Notifications.swift */,
				891969C01EC20C120084AD32 /* TimelineComments.swift */,
				893DAD491DB660AC00CC1875 /* Profile.swift */,
				890CC72A1E162F73005D139A /* DashboardData.swift */,
				898786421E18BAFD008967AD /* MatchSummaryData.swift */,
				897C414B1E21FD4B005F1231 /* ReceivedFriendRequest.swift */,
				897C414D1E21FF16005F1231 /* SentFriendRequest.swift */,
				897C414F1E21FFA4005F1231 /* Friends.swift */,
				891B2AA61E7CE09800F6B5BA /* RequestsData.swift */,
			);
			name = Models;
			sourceTree = "<group>";
		};
		894CA2761D9614B30043D3D1 /* Fonts_SourceSansPro */ = {
			isa = PBXGroup;
			children = (
				894CA2911D96150A0043D3D1 /* SIL Open Font License.txt */,
				894CA2921D96150A0043D3D1 /* SourceSansPro-Black.otf */,
				894CA2931D96150A0043D3D1 /* SourceSansPro-BlackIt.otf */,
				894CA2941D96150A0043D3D1 /* SourceSansPro-Bold.otf */,
				894CA2951D96150A0043D3D1 /* SourceSansPro-BoldIt.otf */,
				894CA2961D96150A0043D3D1 /* SourceSansPro-ExtraLight.otf */,
				894CA2971D96150A0043D3D1 /* SourceSansPro-ExtraLightIt.otf */,
				894CA2981D96150A0043D3D1 /* SourceSansPro-It.otf */,
				894CA2991D96150A0043D3D1 /* SourceSansPro-Light.otf */,
				894CA29A1D96150A0043D3D1 /* SourceSansPro-LightIt.otf */,
				894CA29B1D96150A0043D3D1 /* SourceSansPro-Regular.otf */,
				894CA29C1D96150A0043D3D1 /* SourceSansPro-Semibold.otf */,
				894CA29D1D96150A0043D3D1 /* SourceSansPro-SemiboldIt.otf */,
			);
			name = Fonts_SourceSansPro;
			sourceTree = "<group>";
		};
		8958F5F01D39298D0028D5AA /* View */ = {
			isa = PBXGroup;
			children = (
				B80B560F1EB9D1580014FA9D /* LikesTableViewCell.swift */,
				892EA67C1D58DEBE00BEE5A3 /* ProfileDetails.swift */,
				B80B560B1EB863020014FA9D /* NotificationTableViewCell.swift */,
				892E1A951D3BC8D100EBF014 /* Main.storyboard */,
				46C983981D3922D200DFC607 /* LaunchScreen.storyboard */,
				46C983B51D39D86800DFC607 /* performanceCell.swift */,
				89F4E4B21D48FECD00EFE46E /* summaryTableViewCell.swift */,
				89E83F7B1D4A5AD000232250 /* MenuTableViewCell.swift */,
				4657D5671D49A060009E0FBE /* SliderMenuCell.swift */,
				895E04021D5CD134002E322E /* FriendRequestsTableViewCell.swift */,
				890B42C61D60472C00736F03 /* CollapsibleTableViewCell.swift */,
				46DE32C31D900C9F0024CD82 /* AddPostTableViewCell.swift */,
				46DE32C41D900C9F0024CD82 /* AddPostTableViewCell.xib */,
				46DE32C91D90152F0024CD82 /* APostTableViewCell.swift */,
				46DE32CA1D90152F0024CD82 /* APostTableViewCell.xib */,
				B80B56071EB852220014FA9D /* CPostTableViewCell.swift */,
				B80B56081EB852220014FA9D /* CPostTableViewCell.xib */,
				46F36E341D93801900EA9C6A /* ImagePostTableViewCell.swift */,
				46F36E351D93801900EA9C6A /* ImagePostTableViewCell.xib */,
				894F8B801D95673800B3E936 /* SummaryDetailsCell.xib */,
				89AB5D451D95839C00AA3481 /* SummaryDetailsCell.swift */,
				8922042C1D97A3A6005F555B /* FriendsCell.xib */,
				8922042E1D97A7EC005F555B /* FriendsCell.swift */,
				895376911DAB846800DDB3A6 /* FriendRequestsCell.xib */,
				895376971DAB865B00DDB3A6 /* FriendRequestsCell.swift */,
				895376991DAB8BF200DDB3A6 /* FriendSuggestionsCell.xib */,
				8953769B1DAB8C8E00DDB3A6 /* FriendSuggestionsCell.swift */,
				89067D721DAE9D120021F463 /* radioSelectView.swift */,
				8997D56B1DBCFCA000F201B6 /* CurrentTeamsTableViewCell.swift */,
				8997D56D1DBD21BC00F201B6 /* ThemeColorsCollectionViewCell.swift */,
				46ACE0C61E0FF625004118A4 /* CommentTableViewCell.swift */,
				893823B31E113ACE00BCD0CD /* SliderMenuViewCell.swift */,
				893823B51E113AE000BCD0CD /* SliderMenuViewCell.xib */,
				894624FF1E1580E700FE79C2 /* TeamCollectionViewCell.swift */,
				89358AF91E19773E00A1A6F0 /* SettingsViewCell.swift */,
				89358AFA1E19773E00A1A6F0 /* SettingsViewCell.xib */,
				891B2AA41E7CDA6200F6B5BA /* FriendRequestCollectionViewCell.swift */,
			);
			name = View;
			sourceTree = "<group>";
		};
		8958F5F11D392B780028D5AA /* Controller */ = {
			isa = PBXGroup;
			children = (
				B80B560D1EB9C2C60014FA9D /* LikesViewController.swift */,
				8955DA2A1E0ED13A00891937 /* NewPostViewController.swift */,
				89F9911D1DDA1BEF00E5F440 /* UserDashboardViewController.swift */,
				897194CA1DA34DFD00478F82 /* AddMatchDetailsViewController.swift */,
				46B6086F1D44A7D3000FE098 /* NewMatchViewController.swift */,
				89CC84FB1D43E4D6007F2402 /* SummaryMatchDetailsViewController.swift */,
				4657D5651D499FDD009E0FBE /* SliderMenuViewController.swift */,
				4642DAA41D5039DD001F039D /* LoginViewController.swift */,
				4607A2631D54848A0090A5BD /* MatchViewController.swift */,
				8930F0331D5B5D4E00C7540B /* ProfileBaseViewController.swift */,
				8930F0351D5B5ED600C7540B /* UserInfoViewController.swift */,
				895E04001D5CCEDE002E322E /* FriendRequestsViewController.swift */,
				895E04041D5CE24B002E322E /* FriendSearchViewController.swift */,
				896407CD1DA7FE51002212EB /* SplashScreenViewController.swift */,
				895E04061D5CE283002E322E /* FriendSuggestViewController.swift */,
				895E04081D5CE33E002E322E /* FriendBaseViewController.swift */,
				899206231D61BA0700F99A97 /* FriendsViewController.swift */,
				899206251D61BA6700F99A97 /* FriendsInviteViewController.swift */,
				4668E4CA1D68110500E36CB0 /* MatchSummaryViewController.swift */,
				46B0D66A1D8B881500C93247 /* TimeLineViewController.swift */,
				89129C491D904F89009488FE /* LoginBaseViewController.swift */,
				89129C4B1D90501B009488FE /* RegisterViewController.swift */,
				8917AE231D94466900E6BC1A /* ThemeSettingsViewController.swift */,
				893041191D9E0C3B00F0E29C /* BattingBowlingViewController.swift */,
				892CE2D31D9EC126001E098E /* MatchResultsViewController.swift */,
				89D7D9D11DAFD97D0069D536 /* PlayerExperienceViewController.swift */,
				89D7D9D31DAFEAB80069D536 /* CoachingExperienceViewController.swift */,
				8951D52E1DB08BF5005D101A /* CricketFanViewController.swift */,
				890EA2F01DB92BD100FB40DB /* ForgotPasswordViewController.swift */,
				46AE388E1DE4761E00FB9E23 /* NewPostViewController.swift */,
				46ACE0C41E0FA744004118A4 /* CommentsViewController.swift */,
				89836C5D1E08081D00ABDCA9 /* ProfileReadOnlyViewController.swift */,
				89358AFD1E197B4800A1A6F0 /* SettingsViewController.swift */,
				895BC3CB1E266B500033D330 /* StaticPageViewController.swift */,
				892520B11E336044006946C0 /* CoachDashboardViewController.swift */,
				892520B31E3379E7006946C0 /* FanDashboardViewController.swift */,
				E1B593681EB4E63A00C8A553 /* NotificationsViewController.swift */,
			);
			name = Controller;
			sourceTree = "<group>";
		};
		8958F5F41D392CC50028D5AA /* Services */ = {
			isa = PBXGroup;
			children = (
				46F25A021D5B1AAD001EBEF9 /* Service.swift */,
				46FDA5BC1DD81D19008F2BC0 /* NetworkManager.swift */,
			);
			name = Services;
			sourceTree = "<group>";
		};
		8958F5F51D392CCC0028D5AA /* Model */ = {
			isa = PBXGroup;
			children = (
			);
			name = Model;
			sourceTree = "<group>";
		};
/* End PBXGroup section */

/* Begin PBXNativeTarget section */
		46C9838B1D3922D200DFC607 /* CricTrac */ = {
			isa = PBXNativeTarget;
			buildConfigurationList = 46C983A91D3922D200DFC607 /* Build configuration list for PBXNativeTarget "CricTrac" */;
			buildPhases = (
				E970C51B6BFB54704A3F4766 /* [CP] Check Pods Manifest.lock */,
				46C983881D3922D200DFC607 /* Sources */,
				46C983891D3922D200DFC607 /* Frameworks */,
				46C9838A1D3922D200DFC607 /* Resources */,
				466DB84A1D5D7EC200EFB775 /* ShellScript */,
				6EA4C696A522F9FAFBE92F23 /* [CP] Embed Pods Frameworks */,
				051B959C4A46B3F62E63CD0B /* [CP] Copy Pods Resources */,
			);
			buildRules = (
			);
			dependencies = (
			);
			name = CricTrac;
			productName = CricTrac;
			productReference = 46C9838C1D3922D200DFC607 /* CricTrac.app */;
			productType = "com.apple.product-type.application";
		};
		46C9839F1D3922D200DFC607 /* CricTracTests */ = {
			isa = PBXNativeTarget;
			buildConfigurationList = 46C983AC1D3922D200DFC607 /* Build configuration list for PBXNativeTarget "CricTracTests" */;
			buildPhases = (
				46C9839C1D3922D200DFC607 /* Sources */,
				46C9839D1D3922D200DFC607 /* Frameworks */,
				46C9839E1D3922D200DFC607 /* Resources */,
			);
			buildRules = (
			);
			dependencies = (
				46C983A21D3922D200DFC607 /* PBXTargetDependency */,
			);
			name = CricTracTests;
			productName = CricTracTests;
			productReference = 46C983A01D3922D200DFC607 /* CricTracTests.xctest */;
			productType = "com.apple.product-type.bundle.unit-test";
		};
/* End PBXNativeTarget section */

/* Begin PBXProject section */
		46C983841D3922D200DFC607 /* Project object */ = {
			isa = PBXProject;
			attributes = {
				LastSwiftUpdateCheck = 0730;
				LastUpgradeCheck = 0730;
				ORGANIZATIONNAME = CricTrac;
				TargetAttributes = {
					46C9838B1D3922D200DFC607 = {
						CreatedOnToolsVersion = 7.3.1;
						DevelopmentTeam = 2986MKJ83K;
						SystemCapabilities = {
							com.apple.Push = {
								enabled = 0;
							};
						};
					};
					46C9839F1D3922D200DFC607 = {
						CreatedOnToolsVersion = 7.3.1;
						TestTargetID = 46C9838B1D3922D200DFC607;
					};
				};
			};
			buildConfigurationList = 46C983871D3922D200DFC607 /* Build configuration list for PBXProject "CricTrac" */;
			compatibilityVersion = "Xcode 3.2";
			developmentRegion = English;
			hasScannedForEncodings = 0;
			knownRegions = (
				en,
				Base,
			);
			mainGroup = 46C983831D3922D200DFC607;
			productRefGroup = 46C9838D1D3922D200DFC607 /* Products */;
			projectDirPath = "";
			projectRoot = "";
			targets = (
				46C9838B1D3922D200DFC607 /* CricTrac */,
				46C9839F1D3922D200DFC607 /* CricTracTests */,
			);
		};
/* End PBXProject section */

/* Begin PBXResourcesBuildPhase section */
		46C9838A1D3922D200DFC607 /* Resources */ = {
			isa = PBXResourcesBuildPhase;
			buildActionMask = 2147483647;
			files = (
				894CA2A01D96150A0043D3D1 /* SourceSansPro-BlackIt.otf in Resources */,
				894CA2A21D96150A0043D3D1 /* SourceSansPro-BoldIt.otf in Resources */,
				46C9839A1D3922D200DFC607 /* LaunchScreen.storyboard in Resources */,
				46DE32CC1D90152F0024CD82 /* APostTableViewCell.xib in Resources */,
				B80B560A1EB852220014FA9D /* CPostTableViewCell.xib in Resources */,
				895376921DAB846800DDB3A6 /* FriendRequestsCell.xib in Resources */,
				8922042D1D97A3A6005F555B /* FriendsCell.xib in Resources */,
				46DE32C61D900C9F0024CD82 /* AddPostTableViewCell.xib in Resources */,
				894CA2A71D96150A0043D3D1 /* SourceSansPro-LightIt.otf in Resources */,
				4633C9991DE996740062877C /* GoogleService-Info.plist in Resources */,
				460068991D638496007C9457 /* SuggestionCell.xib in Resources */,
				89358AFC1E19773E00A1A6F0 /* SettingsViewCell.xib in Resources */,
				894CA2A91D96150A0043D3D1 /* SourceSansPro-Semibold.otf in Resources */,
				894CA29F1D96150A0043D3D1 /* SourceSansPro-Black.otf in Resources */,
				8930F03A1D5B824E00C7540B /* data.csv in Resources */,
				895522691D5F0052008F3760 /* country-states.plist in Resources */,
				894CA2A41D96150A0043D3D1 /* SourceSansPro-ExtraLightIt.otf in Resources */,
				892E1A971D3BC8D100EBF014 /* Main.storyboard in Resources */,
				894CA2A31D96150A0043D3D1 /* SourceSansPro-ExtraLight.otf in Resources */,
				8962F89F1D4666E0008D1AC3 /* Images.xcassets in Resources */,
				89FD59C71D41C3AE003EF45C /* SF-UI-Text-Regular.otf in Resources */,
				894CA2A81D96150A0043D3D1 /* SourceSansPro-Regular.otf in Resources */,
				460068971D637638007C9457 /* SuggestionView.xib in Resources */,
				894CA2AA1D96150A0043D3D1 /* SourceSansPro-SemiboldIt.otf in Resources */,
				894CA2A51D96150A0043D3D1 /* SourceSansPro-It.otf in Resources */,
				894CA29E1D96150A0043D3D1 /* SIL Open Font License.txt in Resources */,
				8953769A1DAB8BF200DDB3A6 /* FriendSuggestionsCell.xib in Resources */,
				894CA2A61D96150A0043D3D1 /* SourceSansPro-Light.otf in Resources */,
				893823B61E113AE000BCD0CD /* SliderMenuViewCell.xib in Resources */,
				46C983971D3922D200DFC607 /* App.xcassets in Resources */,
				89ABEB1F1E5BD0D7006BC0BC /* GoogleService-Info-new.plist in Resources */,
				46F36E371D93801900EA9C6A /* ImagePostTableViewCell.xib in Resources */,
				89FD59C61D41C3AE003EF45C /* SF-UI-Text-Bold.otf in Resources */,
				894F8B811D95673800B3E936 /* SummaryDetailsCell.xib in Resources */,
				894CA2A11D96150A0043D3D1 /* SourceSansPro-Bold.otf in Resources */,
			);
			runOnlyForDeploymentPostprocessing = 0;
		};
		46C9839E1D3922D200DFC607 /* Resources */ = {
			isa = PBXResourcesBuildPhase;
			buildActionMask = 2147483647;
			files = (
			);
			runOnlyForDeploymentPostprocessing = 0;
		};
/* End PBXResourcesBuildPhase section */

/* Begin PBXShellScriptBuildPhase section */
		051B959C4A46B3F62E63CD0B /* [CP] Copy Pods Resources */ = {
			isa = PBXShellScriptBuildPhase;
			buildActionMask = 2147483647;
			files = (
			);
			inputPaths = (
			);
			name = "[CP] Copy Pods Resources";
			outputPaths = (
			);
			runOnlyForDeploymentPostprocessing = 0;
			shellPath = /bin/sh;
			shellScript = "\"${SRCROOT}/Pods/Target Support Files/Pods-CricTrac/Pods-CricTrac-resources.sh\"\n";
			showEnvVarsInLog = 0;
		};
		466DB84A1D5D7EC200EFB775 /* ShellScript */ = {
			isa = PBXShellScriptBuildPhase;
			buildActionMask = 2147483647;
			files = (
			);
			inputPaths = (
			);
			outputPaths = (
			);
			runOnlyForDeploymentPostprocessing = 0;
			shellPath = /bin/sh;
			shellScript = "\"${PODS_ROOT}/Fabric/run\" 43c5167b4231af912b89d70c1063633cd03554fa 463f159c174cf9a862382e9471da5f6f7b84300a7fe7bf3e452eb6cee9b5f1ec";
		};
		6EA4C696A522F9FAFBE92F23 /* [CP] Embed Pods Frameworks */ = {
			isa = PBXShellScriptBuildPhase;
			buildActionMask = 2147483647;
			files = (
			);
			inputPaths = (
			);
			name = "[CP] Embed Pods Frameworks";
			outputPaths = (
			);
			runOnlyForDeploymentPostprocessing = 0;
			shellPath = /bin/sh;
			shellScript = "\"${SRCROOT}/Pods/Target Support Files/Pods-CricTrac/Pods-CricTrac-frameworks.sh\"\n";
			showEnvVarsInLog = 0;
		};
		E970C51B6BFB54704A3F4766 /* [CP] Check Pods Manifest.lock */ = {
			isa = PBXShellScriptBuildPhase;
			buildActionMask = 2147483647;
			files = (
			);
			inputPaths = (
			);
			name = "[CP] Check Pods Manifest.lock";
			outputPaths = (
			);
			runOnlyForDeploymentPostprocessing = 0;
			shellPath = /bin/sh;
			shellScript = "diff \"${PODS_ROOT}/../Podfile.lock\" \"${PODS_ROOT}/Manifest.lock\" > /dev/null\nif [ $? != 0 ] ; then\n    # print error to STDERR\n    echo \"error: The sandbox is not in sync with the Podfile.lock. Run 'pod install' or update your CocoaPods installation.\" >&2\n    exit 1\nfi\n";
			showEnvVarsInLog = 0;
		};
/* End PBXShellScriptBuildPhase section */

/* Begin PBXSourcesBuildPhase section */
		46C983881D3922D200DFC607 /* Sources */ = {
			isa = PBXSourcesBuildPhase;
			buildActionMask = 2147483647;
			files = (
				8997D56E1DBD21BC00F201B6 /* ThemeColorsCollectionViewCell.swift in Sources */,
				897194CB1DA34DFD00478F82 /* AddMatchDetailsViewController.swift in Sources */,
				B80B56101EB9D1580014FA9D /* LikesTableViewCell.swift in Sources */,
				895E04031D5CD134002E322E /* FriendRequestsTableViewCell.swift in Sources */,
				46ACE0C51E0FA744004118A4 /* CommentsViewController.swift in Sources */,
				4607A2641D54848A0090A5BD /* MatchViewController.swift in Sources */,
				893E9EA11DB2629C00D63AB8 /* MenuTransitionOperator.swift in Sources */,
				8930F0341D5B5D4E00C7540B /* ProfileBaseViewController.swift in Sources */,
				899206241D61BA0700F99A97 /* FriendsViewController.swift in Sources */,
				895E04051D5CE24B002E322E /* FriendSearchViewController.swift in Sources */,
				891B2AA51E7CDA6200F6B5BA /* FriendRequestCollectionViewCell.swift in Sources */,
				892CE2D41D9EC126001E098E /* MatchResultsViewController.swift in Sources */,
				899206261D61BA6700F99A97 /* FriendsInviteViewController.swift in Sources */,
				896407CE1DA7FE51002212EB /* SplashScreenViewController.swift in Sources */,
				46C983901D3922D200DFC607 /* AppDelegate.swift in Sources */,
				898786431E18BAFD008967AD /* MatchSummaryData.swift in Sources */,
				895E04091D5CE33E002E322E /* FriendBaseViewController.swift in Sources */,
				89AB5D461D95839C00AA3481 /* SummaryDetailsCell.swift in Sources */,
				89E83F7C1D4A5AD000232250 /* MenuTableViewCell.swift in Sources */,
				892520B41E3379E7006946C0 /* FanDashboardViewController.swift in Sources */,
				B80B56121EC5AA3D0014FA9D /* Notifications.swift in Sources */,
				891969C11EC20C120084AD32 /* TimelineComments.swift in Sources */,
				8953769C1DAB8C8E00DDB3A6 /* FriendSuggestionsCell.swift in Sources */,
				4668E4CB1D68110500E36CB0 /* MatchSummaryViewController.swift in Sources */,
				46B608701D44A7D3000FE098 /* NewMatchViewController.swift in Sources */,
				8909FACB1DB9B49900066FC5 /* DoneButton.swift in Sources */,
				895BC3CC1E266B500033D330 /* StaticPageViewController.swift in Sources */,
				892520B21E336044006946C0 /* CoachDashboardViewController.swift in Sources */,
				4642DAA51D5039DD001F039D /* LoginViewController.swift in Sources */,
				89CC84FC1D43E4D6007F2402 /* SummaryMatchDetailsViewController.swift in Sources */,
				4600689B1D638545007C9457 /* SuggestionCell.swift in Sources */,
				B80B560C1EB863020014FA9D /* NotificationTableViewCell.swift in Sources */,
				89F4E4B31D48FECD00EFE46E /* summaryTableViewCell.swift in Sources */,
				8955DA2D1E0ED1B200891937 /* PostSendable.swift in Sources */,
				89D7D9D21DAFD97E0069D536 /* PlayerExperienceViewController.swift in Sources */,
				46FA41D41D6D3F68006635C6 /* MatchDetailsTrackable.swift in Sources */,
				8930F03C1D5B94C300C7540B /* CTStatePicker.swift in Sources */,
				B80B56091EB852220014FA9D /* CPostTableViewCell.swift in Sources */,
				89129C4A1D904F89009488FE /* LoginBaseViewController.swift in Sources */,
				46F25A031D5B1AAD001EBEF9 /* Service.swift in Sources */,
				46CE472E1D7A787D00EA63E2 /* CTAlertViewController.swift in Sources */,
				8917AE241D94466900E6BC1A /* ThemeSettingsViewController.swift in Sources */,
				89D7D9D41DAFEAB80069D536 /* CoachingExperienceViewController.swift in Sources */,
				895E04071D5CE283002E322E /* FriendSuggestViewController.swift in Sources */,
				89836C5E1E08081D00ABDCA9 /* ProfileReadOnlyViewController.swift in Sources */,
				89C8196C1D52362300291A7E /* POCViewController.swift in Sources */,
				466AD3FA1D7A869B0033289C /* NewMatchParent.swift in Sources */,
				89F9911E1DDA1BEF00E5F440 /* UserDashboardViewController.swift in Sources */,
				89C8196E1D52429500291A7E /* headerView.swift in Sources */,
				46C983C41D40968300DFC607 /* Extentions.swift in Sources */,
				46B0D66B1D8B881500C93247 /* TimeLineViewController.swift in Sources */,
				8997D56C1DBCFCA000F201B6 /* CurrentTeamsTableViewCell.swift in Sources */,
				894625001E1580E700FE79C2 /* TeamCollectionViewCell.swift in Sources */,
				466AD3FC1D7A8EC10033289C /* CTPicker.swift in Sources */,
				8922042F1D97A7EC005F555B /* FriendsCell.swift in Sources */,
				897C414C1E21FD4B005F1231 /* ReceivedFriendRequest.swift in Sources */,
				8930F0381D5B751500C7540B /* CTCountryPicker.swift in Sources */,
				890EA2F11DB92BD100FB40DB /* ForgotPasswordViewController.swift in Sources */,
				892EA67E1D58DEBE00BEE5A3 /* ProfileDetails.swift in Sources */,
				460068911D6367CE007C9457 /* SuggestionView.swift in Sources */,
				895E04011D5CCEDE002E322E /* FriendRequestsViewController.swift in Sources */,
				46FDA5BD1DD81D19008F2BC0 /* NetworkManager.swift in Sources */,
				46C983C21D4078EB00DFC607 /* utility.swift in Sources */,
				4657D56C1D4DA4E7009E0FBE /* Enums.swift in Sources */,
				4657D5681D49A060009E0FBE /* SliderMenuCell.swift in Sources */,
				8930F0361D5B5ED600C7540B /* UserInfoViewController.swift in Sources */,
				462DE9F71D478B9E00E31E8F /* CTDatePicker.swift in Sources */,
				89067D731DAE9D120021F463 /* radioSelectView.swift in Sources */,
				89067D751DAEA89C0021F463 /* TransitionManager.swift in Sources */,
				E1B593691EB4E63A00C8A553 /* NotificationsViewController.swift in Sources */,
				897C414E1E21FF16005F1231 /* SentFriendRequest.swift in Sources */,
				89129C4C1D90501B009488FE /* RegisterViewController.swift in Sources */,
				8951D52F1DB08BF5005D101A /* CricketFanViewController.swift in Sources */,
				46C983B61D39D86800DFC607 /* performanceCell.swift in Sources */,
				46DE32CB1D90152F0024CD82 /* APostTableViewCell.swift in Sources */,
				897C41501E21FFA4005F1231 /* Friends.swift in Sources */,
				8955DA2B1E0ED13A00891937 /* NewPostViewController.swift in Sources */,
				890B42C71D60472C00736F03 /* CollapsibleTableViewCell.swift in Sources */,
				893823B41E113ACE00BCD0CD /* SliderMenuViewCell.swift in Sources */,
				89358AFE1E197B4800A1A6F0 /* SettingsViewController.swift in Sources */,
				46DE32C51D900C9F0024CD82 /* AddPostTableViewCell.swift in Sources */,
				891B2AA71E7CE09800F6B5BA /* RequestsData.swift in Sources */,
				89358AFB1E19773E00A1A6F0 /* SettingsViewCell.swift in Sources */,
				46ACE0C71E0FF625004118A4 /* CommentTableViewCell.swift in Sources */,
				89E6084D1D6D4ADC00F6BD11 /* CTDataPicker.swift in Sources */,
				6783C11F1E67347D00DEDA55 /* HelperFunctions.swift in Sources */,
				4657D5661D499FDD009E0FBE /* SliderMenuViewController.swift in Sources */,
				893DAD4A1DB660AC00CC1875 /* Profile.swift in Sources */,
				46F36E361D93801900EA9C6A /* ImagePostTableViewCell.swift in Sources */,
				461F5A5F1DE136D600B4616F /* Theme.swift in Sources */,
				890CC72B1E162F73005D139A /* DashboardData.swift in Sources */,
				895376981DAB865B00DDB3A6 /* FriendRequestsCell.swift in Sources */,
				4657D5601D4992D7009E0FBE /* Constants.swift in Sources */,
				8930411A1D9E0C3B00F0E29C /* BattingBowlingViewController.swift in Sources */,
				B80B560E1EB9C2C60014FA9D /* LikesViewController.swift in Sources */,
			);
			runOnlyForDeploymentPostprocessing = 0;
		};
		46C9839C1D3922D200DFC607 /* Sources */ = {
			isa = PBXSourcesBuildPhase;
			buildActionMask = 2147483647;
			files = (
				46C983A51D3922D200DFC607 /* CricTracTests.swift in Sources */,
			);
			runOnlyForDeploymentPostprocessing = 0;
		};
/* End PBXSourcesBuildPhase section */

/* Begin PBXTargetDependency section */
		46C983A21D3922D200DFC607 /* PBXTargetDependency */ = {
			isa = PBXTargetDependency;
			target = 46C9838B1D3922D200DFC607 /* CricTrac */;
			targetProxy = 46C983A11D3922D200DFC607 /* PBXContainerItemProxy */;
		};
/* End PBXTargetDependency section */

/* Begin PBXVariantGroup section */
		46C983981D3922D200DFC607 /* LaunchScreen.storyboard */ = {
			isa = PBXVariantGroup;
			children = (
				46C983991D3922D200DFC607 /* Base */,
			);
			name = LaunchScreen.storyboard;
			sourceTree = "<group>";
		};
		892E1A951D3BC8D100EBF014 /* Main.storyboard */ = {
			isa = PBXVariantGroup;
			children = (
				892E1A961D3BC8D100EBF014 /* Base */,
			);
			name = Main.storyboard;
			sourceTree = "<group>";
		};
/* End PBXVariantGroup section */

/* Begin XCBuildConfiguration section */
		46C983A71D3922D200DFC607 /* Debug */ = {
			isa = XCBuildConfiguration;
			buildSettings = {
				ALWAYS_SEARCH_USER_PATHS = NO;
				CLANG_ANALYZER_NONNULL = YES;
				CLANG_CXX_LANGUAGE_STANDARD = "gnu++0x";
				CLANG_CXX_LIBRARY = "libc++";
				CLANG_ENABLE_MODULES = YES;
				CLANG_ENABLE_OBJC_ARC = YES;
				CLANG_WARN_BOOL_CONVERSION = YES;
				CLANG_WARN_CONSTANT_CONVERSION = YES;
				CLANG_WARN_DIRECT_OBJC_ISA_USAGE = YES_ERROR;
				CLANG_WARN_EMPTY_BODY = YES;
				CLANG_WARN_ENUM_CONVERSION = YES;
				CLANG_WARN_INT_CONVERSION = YES;
				CLANG_WARN_OBJC_ROOT_CLASS = YES_ERROR;
				CLANG_WARN_UNREACHABLE_CODE = YES;
				CLANG_WARN__DUPLICATE_METHOD_MATCH = YES;
				CODE_SIGN_IDENTITY = "iPhone Distribution: Arjun Innovations OPC Private Limited (2986MKJ83K)";
				"CODE_SIGN_IDENTITY[sdk=iphoneos*]" = "iPhone Distribution";
				COPY_PHASE_STRIP = NO;
				DEBUG_INFORMATION_FORMAT = dwarf;
				ENABLE_STRICT_OBJC_MSGSEND = YES;
				ENABLE_TESTABILITY = YES;
				GCC_C_LANGUAGE_STANDARD = gnu99;
				GCC_DYNAMIC_NO_PIC = NO;
				GCC_NO_COMMON_BLOCKS = YES;
				GCC_OPTIMIZATION_LEVEL = 0;
				GCC_PREPROCESSOR_DEFINITIONS = (
					"DEBUG=1",
					"$(inherited)",
				);
				GCC_WARN_64_TO_32_BIT_CONVERSION = YES;
				GCC_WARN_ABOUT_RETURN_TYPE = YES_ERROR;
				GCC_WARN_UNDECLARED_SELECTOR = YES;
				GCC_WARN_UNINITIALIZED_AUTOS = YES_AGGRESSIVE;
				GCC_WARN_UNUSED_FUNCTION = YES;
				GCC_WARN_UNUSED_VARIABLE = YES;
				IPHONEOS_DEPLOYMENT_TARGET = 9.3;
				MTL_ENABLE_DEBUG_INFO = YES;
				ONLY_ACTIVE_ARCH = YES;
				SDKROOT = iphoneos;
				SWIFT_OPTIMIZATION_LEVEL = "-Onone";
				TARGETED_DEVICE_FAMILY = "1,2";
			};
			name = Debug;
		};
		46C983A81D3922D200DFC607 /* Release */ = {
			isa = XCBuildConfiguration;
			buildSettings = {
				ALWAYS_SEARCH_USER_PATHS = NO;
				CLANG_ANALYZER_NONNULL = YES;
				CLANG_CXX_LANGUAGE_STANDARD = "gnu++0x";
				CLANG_CXX_LIBRARY = "libc++";
				CLANG_ENABLE_MODULES = YES;
				CLANG_ENABLE_OBJC_ARC = YES;
				CLANG_WARN_BOOL_CONVERSION = YES;
				CLANG_WARN_CONSTANT_CONVERSION = YES;
				CLANG_WARN_DIRECT_OBJC_ISA_USAGE = YES_ERROR;
				CLANG_WARN_EMPTY_BODY = YES;
				CLANG_WARN_ENUM_CONVERSION = YES;
				CLANG_WARN_INT_CONVERSION = YES;
				CLANG_WARN_OBJC_ROOT_CLASS = YES_ERROR;
				CLANG_WARN_UNREACHABLE_CODE = YES;
				CLANG_WARN__DUPLICATE_METHOD_MATCH = YES;
				CODE_SIGN_IDENTITY = "iPhone Distribution: Arjun Innovations OPC Private Limited (2986MKJ83K)";
				"CODE_SIGN_IDENTITY[sdk=iphoneos*]" = "iPhone Distribution";
				COPY_PHASE_STRIP = NO;
				DEBUG_INFORMATION_FORMAT = "dwarf-with-dsym";
				ENABLE_NS_ASSERTIONS = NO;
				ENABLE_STRICT_OBJC_MSGSEND = YES;
				GCC_C_LANGUAGE_STANDARD = gnu99;
				GCC_NO_COMMON_BLOCKS = YES;
				GCC_WARN_64_TO_32_BIT_CONVERSION = YES;
				GCC_WARN_ABOUT_RETURN_TYPE = YES_ERROR;
				GCC_WARN_UNDECLARED_SELECTOR = YES;
				GCC_WARN_UNINITIALIZED_AUTOS = YES_AGGRESSIVE;
				GCC_WARN_UNUSED_FUNCTION = YES;
				GCC_WARN_UNUSED_VARIABLE = YES;
				IPHONEOS_DEPLOYMENT_TARGET = 9.3;
				MTL_ENABLE_DEBUG_INFO = NO;
				SDKROOT = iphoneos;
				TARGETED_DEVICE_FAMILY = "1,2";
				VALIDATE_PRODUCT = YES;
			};
			name = Release;
		};
		46C983AA1D3922D200DFC607 /* Debug */ = {
			isa = XCBuildConfiguration;
			baseConfigurationReference = 56129448097263DC6B1F40CF /* Pods-CricTrac.debug.xcconfig */;
			buildSettings = {
				ASSETCATALOG_COMPILER_APPICON_NAME = AppIcon;
				ASSETCATALOG_COMPILER_LAUNCHIMAGE_NAME = "Brand Assets";
				CLANG_ENABLE_MODULES = YES;
				CODE_SIGN_IDENTITY = "iPhone Developer";
				"CODE_SIGN_IDENTITY[sdk=iphoneos*]" = "iPhone Developer";
				ENABLE_BITCODE = NO;
				INFOPLIST_FILE = CricTrac/Info.plist;
				LD_RUNPATH_SEARCH_PATHS = "$(inherited) @executable_path/Frameworks";
				PRODUCT_BUNDLE_IDENTIFIER = com.ct.cricrac;
				PRODUCT_NAME = "$(TARGET_NAME)";
				PROVISIONING_PROFILE = "";
				SWIFT_OBJC_BRIDGING_HEADER = "CricTrac-Bridging-Header.h";
				SWIFT_OPTIMIZATION_LEVEL = "-Onone";
				SWIFT_VERSION = 2.3;
			};
			name = Debug;
		};
		46C983AB1D3922D200DFC607 /* Release */ = {
			isa = XCBuildConfiguration;
			baseConfigurationReference = 4250D8B36CA8B27C78034A6A /* Pods-CricTrac.release.xcconfig */;
			buildSettings = {
				ASSETCATALOG_COMPILER_APPICON_NAME = AppIcon;
				ASSETCATALOG_COMPILER_LAUNCHIMAGE_NAME = "Brand Assets";
				CLANG_ENABLE_MODULES = YES;
				CODE_SIGN_IDENTITY = "iPhone Developer";
				"CODE_SIGN_IDENTITY[sdk=iphoneos*]" = "iPhone Developer";
				ENABLE_BITCODE = NO;
				INFOPLIST_FILE = CricTrac/Info.plist;
				LD_RUNPATH_SEARCH_PATHS = "$(inherited) @executable_path/Frameworks";
				PRODUCT_BUNDLE_IDENTIFIER = com.ct.cricrac;
				PRODUCT_NAME = "$(TARGET_NAME)";
				PROVISIONING_PROFILE = "";
				SWIFT_OBJC_BRIDGING_HEADER = "CricTrac-Bridging-Header.h";
				SWIFT_OPTIMIZATION_LEVEL = "-O";
				SWIFT_VERSION = 2.3;
			};
			name = Release;
		};
		46C983AD1D3922D200DFC607 /* Debug */ = {
			isa = XCBuildConfiguration;
			buildSettings = {
				BUNDLE_LOADER = "$(TEST_HOST)";
				INFOPLIST_FILE = CricTracTests/Info.plist;
				LD_RUNPATH_SEARCH_PATHS = "$(inherited) @executable_path/Frameworks @loader_path/Frameworks";
				PRODUCT_BUNDLE_IDENTIFIER = CT.CricTracTests;
				PRODUCT_NAME = "$(TARGET_NAME)";
				TEST_HOST = "$(BUILT_PRODUCTS_DIR)/CricTrac.app/CricTrac";
			};
			name = Debug;
		};
		46C983AE1D3922D200DFC607 /* Release */ = {
			isa = XCBuildConfiguration;
			buildSettings = {
				BUNDLE_LOADER = "$(TEST_HOST)";
				INFOPLIST_FILE = CricTracTests/Info.plist;
				LD_RUNPATH_SEARCH_PATHS = "$(inherited) @executable_path/Frameworks @loader_path/Frameworks";
				PRODUCT_BUNDLE_IDENTIFIER = CT.CricTracTests;
				PRODUCT_NAME = "$(TARGET_NAME)";
				TEST_HOST = "$(BUILT_PRODUCTS_DIR)/CricTrac.app/CricTrac";
			};
			name = Release;
		};
/* End XCBuildConfiguration section */

/* Begin XCConfigurationList section */
		46C983871D3922D200DFC607 /* Build configuration list for PBXProject "CricTrac" */ = {
			isa = XCConfigurationList;
			buildConfigurations = (
				46C983A71D3922D200DFC607 /* Debug */,
				46C983A81D3922D200DFC607 /* Release */,
			);
			defaultConfigurationIsVisible = 0;
			defaultConfigurationName = Release;
		};
		46C983A91D3922D200DFC607 /* Build configuration list for PBXNativeTarget "CricTrac" */ = {
			isa = XCConfigurationList;
			buildConfigurations = (
				46C983AA1D3922D200DFC607 /* Debug */,
				46C983AB1D3922D200DFC607 /* Release */,
			);
			defaultConfigurationIsVisible = 0;
			defaultConfigurationName = Release;
		};
		46C983AC1D3922D200DFC607 /* Build configuration list for PBXNativeTarget "CricTracTests" */ = {
			isa = XCConfigurationList;
			buildConfigurations = (
				46C983AD1D3922D200DFC607 /* Debug */,
				46C983AE1D3922D200DFC607 /* Release */,
			);
			defaultConfigurationIsVisible = 0;
			defaultConfigurationName = Release;
		};
/* End XCConfigurationList section */
	};
	rootObject = 46C983841D3922D200DFC607 /* Project object */;
}
